// !$*UTF8*$!
{
	archiveVersion = 1;
	classes = {
	};
	objectVersion = 42;
	objects = {

/* Begin PBXAppleScriptBuildPhase section */
		257572C4072881A4000BE9CA /* AppleScript */ = {
			isa = PBXAppleScriptBuildPhase;
			buildActionMask = 2147483647;
			contextName = "";
			files = (
				2CA3B4790D33600300A8C813 /* DefaultsManager.applescript in AppleScript */,
				257572C5072881A4000BE9CA /* AppleScriptDoc.applescript in AppleScript */,
				2C0AD6840C3B5FA500E2B397 /* ASDocParser.applescript in AppleScript */,
				2C0AD6A00C3B61AB00E2B397 /* ExportHelpBook.applescript in AppleScript */,
				2C4EFEA80C3BB03A003743D7 /* SetupHelpBook.applescript in AppleScript */,
				2C2975080C3C8F82000CDBEF /* SaveToFile.applescript in AppleScript */,
				2CF5BFEF0C43E6E600224B65 /* XFileExtend.applescript in AppleScript */,
				2CE5F1620D321CE700EDC0FF /* DocElements.applescript in AppleScript */,
				2C72A8E60D3CBDD700AECAF3 /* InfoPlistArranger.applescript in AppleScript */,
				2CAEEB5C0ECC129E0068900A /* ASFormattingStyle.applescript in AppleScript */,
				2CAEEB5D0ECC129E0068900A /* ASHTML.applescript in AppleScript */,
			);
			isSharedContext = 0;
			runOnlyForDeploymentPostprocessing = 0;
		};
/* End PBXAppleScriptBuildPhase section */

/* Begin PBXBuildFile section */
		257572C5072881A4000BE9CA /* AppleScriptDoc.applescript in AppleScript */ = {isa = PBXBuildFile; fileRef = DA206CF3015C4E8B03C91932 /* AppleScriptDoc.applescript */; settings = {ATTRIBUTES = (Debug, ); }; };
		257572C7072881A4000BE9CA /* MainMenu.nib in Resources */ = {isa = PBXBuildFile; fileRef = 29B97318FDCFA39411CA2CEA /* MainMenu.nib */; };
		257572CA072881A4000BE9CA /* main.m in Sources */ = {isa = PBXBuildFile; fileRef = 29B97316FDCFA39411CA2CEA /* main.m */; settings = {ATTRIBUTES = (); }; };
		257572CC072881A4000BE9CA /* Cocoa.framework in Frameworks */ = {isa = PBXBuildFile; fileRef = 1058C7A1FEA54F0111CA2CBB /* Cocoa.framework */; };
		257572CD072881A4000BE9CA /* AppleScriptKit.framework in Frameworks */ = {isa = PBXBuildFile; fileRef = DA206CF1015C4E2903C91932 /* AppleScriptKit.framework */; };
		2C0AD6840C3B5FA500E2B397 /* ASDocParser.applescript in AppleScript */ = {isa = PBXBuildFile; fileRef = 2C0AD6830C3B5FA500E2B397 /* ASDocParser.applescript */; settings = {ATTRIBUTES = (Debug, ); }; };
		2C0AD6A00C3B61AB00E2B397 /* ExportHelpBook.applescript in AppleScript */ = {isa = PBXBuildFile; fileRef = 2C0AD69F0C3B61AB00E2B397 /* ExportHelpBook.applescript */; settings = {ATTRIBUTES = (Debug, ); }; };
		2C2975080C3C8F82000CDBEF /* SaveToFile.applescript in AppleScript */ = {isa = PBXBuildFile; fileRef = 2C2975070C3C8F82000CDBEF /* SaveToFile.applescript */; settings = {ATTRIBUTES = (Debug, ); }; };
		2C2C1F850C8EEC5C0094E73B /* HelpSetup.plist in Resources */ = {isa = PBXBuildFile; fileRef = 2C2C1F840C8EEC5C0094E73B /* HelpSetup.plist */; };
		2C2C1FEE0C8EED650094E73B /* InfoPlist.strings in Resources */ = {isa = PBXBuildFile; fileRef = 2C2C1FEC0C8EED640094E73B /* InfoPlist.strings */; };
		2C46DAFA10A1951500501F03 /* ASFormattingExtensions.m in Sources */ = {isa = PBXBuildFile; fileRef = 2C46DAF810A1951500501F03 /* ASFormattingExtensions.m */; };
		2C46DB8110A19B7300501F03 /* HFSTypeUtils.m in Sources */ = {isa = PBXBuildFile; fileRef = 2C46DB7F10A19B7300501F03 /* HFSTypeUtils.m */; };
		2C46DBCA10A1A6BC00501F03 /* Credits.rtf in Resources */ = {isa = PBXBuildFile; fileRef = 2C46DBC910A1A6BC00501F03 /* Credits.rtf */; };
		2C4809A00C3B7F2A004E3217 /* index.html in CopyFiles */ = {isa = PBXBuildFile; fileRef = 2C4809370C3B7D94004E3217 /* index.html */; };
		2C4809A50C3B7F58004E3217 /* Clipboard24.png in CopyFiles */ = {isa = PBXBuildFile; fileRef = 2C4809310C3B7D94004E3217 /* Clipboard24.png */; };
		2C4809A60C3B7F58004E3217 /* default.css in CopyFiles */ = {isa = PBXBuildFile; fileRef = 2C4809320C3B7D94004E3217 /* default.css */; };
		2C4809A70C3B7F58004E3217 /* editScript.scpt in CopyFiles */ = {isa = PBXBuildFile; fileRef = 2C4809330C3B7D94004E3217 /* editScript.scpt */; };
		2C4809A80C3B7F58004E3217 /* handler_page.css in CopyFiles */ = {isa = PBXBuildFile; fileRef = 2C4809340C3B7D94004E3217 /* handler_page.css */; };
		2C4809A90C3B7F58004E3217 /* run_helpscript.js in CopyFiles */ = {isa = PBXBuildFile; fileRef = 2C4809350C3B7D94004E3217 /* run_helpscript.js */; };
		2C4809AA0C3B7F58004E3217 /* setClipboard.scpt in CopyFiles */ = {isa = PBXBuildFile; fileRef = 2C4809360C3B7D94004E3217 /* setClipboard.scpt */; };
		2C4809B10C3B7F70004E3217 /* handler.html in CopyFiles */ = {isa = PBXBuildFile; fileRef = 2C4809390C3B7D94004E3217 /* handler.html */; };
		2C499CA30F09262900FA540D /* Sparkle.framework in CopyFiles */ = {isa = PBXBuildFile; fileRef = 2C499CA20F09262900FA540D /* Sparkle.framework */; };
		2C499CAC0F09266E00FA540D /* Sparkle.framework in Frameworks */ = {isa = PBXBuildFile; fileRef = 2C499CA20F09262900FA540D /* Sparkle.framework */; };
		2C4A6CBF0C3CE15F00DBBCD4 /* FactorySettings.plist in Resources */ = {isa = PBXBuildFile; fileRef = 2C4A6CBE0C3CE15E00DBBCD4 /* FactorySettings.plist */; };
		2C4A6CF00C3CE21B00DBBCD4 /* AppController.m in Sources */ = {isa = PBXBuildFile; fileRef = 2C4A6CEE0C3CE21B00DBBCD4 /* AppController.m */; };
		2C4A6CF60C3CE35F00DBBCD4 /* DonationReminder.framework in Frameworks */ = {isa = PBXBuildFile; fileRef = 2C4A6CF50C3CE35F00DBBCD4 /* DonationReminder.framework */; };
		2C4A6D020C3CE38200DBBCD4 /* DonationReminder.framework in CopyFiles */ = {isa = PBXBuildFile; fileRef = 2C4A6CF50C3CE35F00DBBCD4 /* DonationReminder.framework */; };
		2C4BF1060F09652600F015E7 /* dsa_pub.pem in Resources */ = {isa = PBXBuildFile; fileRef = 2C4BF1050F09652600F015E7 /* dsa_pub.pem */; };
		2C4D6C6A152EB64F00C6DEF5 /* navgrad-normal.png in CopyFiles */ = {isa = PBXBuildFile; fileRef = 2C4D6C69152EB64F00C6DEF5 /* navgrad-normal.png */; };
		2C4EC729152D9F5C004167B9 /* MainMenu.strings in Resources */ = {isa = PBXBuildFile; fileRef = 2C4EC725152D9F5C004167B9 /* MainMenu.strings */; };
		2C4EC72A152D9F5C004167B9 /* PathSettingWindow.strings in Resources */ = {isa = PBXBuildFile; fileRef = 2C4EC727152D9F5C004167B9 /* PathSettingWindow.strings */; };
		2C4EFEA80C3BB03A003743D7 /* SetupHelpBook.applescript in AppleScript */ = {isa = PBXBuildFile; fileRef = 2C4EFEA70C3BB03A003743D7 /* SetupHelpBook.applescript */; settings = {ATTRIBUTES = (Debug, ); }; };
		2C4EFF6A0C3C1672003743D7 /* index.html in CopyFiles */ = {isa = PBXBuildFile; fileRef = 2C4EFF5F0C3C1642003743D7 /* index.html */; };
		2C4EFF730C3C16B9003743D7 /* handler.html in CopyFiles */ = {isa = PBXBuildFile; fileRef = 2C4EFF610C3C1642003743D7 /* handler.html */; };
		2C4EFF740C3C16C0003743D7 /* non-helpbook.css in CopyFiles */ = {isa = PBXBuildFile; fileRef = 2C4EFF5D0C3C1642003743D7 /* non-helpbook.css */; };
		2C621B6C156FD6880043B4BE /* navi-next16.gif in CopyFiles */ = {isa = PBXBuildFile; fileRef = 2C621B6A156FD6660043B4BE /* navi-next16.gif */; };
		2C621B6D156FD6880043B4BE /* navi-previous16.gif in CopyFiles */ = {isa = PBXBuildFile; fileRef = 2C621B6B156FD6660043B4BE /* navi-previous16.gif */; };
		2C72A8D70D3CBCDF00AECAF3 /* empty-Info.plist in Resources */ = {isa = PBXBuildFile; fileRef = 2C72A8D60D3CBCDF00AECAF3 /* empty-Info.plist */; };
		2C72A8E60D3CBDD700AECAF3 /* InfoPlistArranger.applescript in AppleScript */ = {isa = PBXBuildFile; fileRef = 2C72A8E50D3CBDD700AECAF3 /* InfoPlistArranger.applescript */; settings = {ATTRIBUTES = (Debug, ); }; };
		2CA3B4790D33600300A8C813 /* DefaultsManager.applescript in AppleScript */ = {isa = PBXBuildFile; fileRef = 2CA3B4730D335FEC00A8C813 /* DefaultsManager.applescript */; settings = {ATTRIBUTES = (Debug, ); }; };
		2CA7272D155B517800DEE9D6 /* handler_page.css in CopyFiles */ = {isa = PBXBuildFile; fileRef = 2C4809340C3B7D94004E3217 /* handler_page.css */; };
		2CA7273F155B537700DEE9D6 /* default.css in CopyFiles */ = {isa = PBXBuildFile; fileRef = 2C4809320C3B7D94004E3217 /* default.css */; };
		2CAEEB5B0ECC129E0068900A /* ASFormatting.m in Sources */ = {isa = PBXBuildFile; fileRef = 2CAEEB570ECC129E0068900A /* ASFormatting.m */; };
		2CAEEB5C0ECC129E0068900A /* ASFormattingStyle.applescript in AppleScript */ = {isa = PBXBuildFile; fileRef = 2CAEEB580ECC129E0068900A /* ASFormattingStyle.applescript */; settings = {ATTRIBUTES = (Debug, ); }; };
		2CAEEB5D0ECC129E0068900A /* ASHTML.applescript in AppleScript */ = {isa = PBXBuildFile; fileRef = 2CAEEB590ECC129E0068900A /* ASHTML.applescript */; settings = {ATTRIBUTES = (Debug, ); }; };
		2CAEEB8A0ECC13E30068900A /* Carbon.framework in Frameworks */ = {isa = PBXBuildFile; fileRef = 2CAEEB750ECC13E30068900A /* Carbon.framework */; };
		2CAEEC4E0ECC1B0F0068900A /* OSAKit.framework in Frameworks */ = {isa = PBXBuildFile; fileRef = 2CAEEC450ECC1B0F0068900A /* OSAKit.framework */; };
		2CDBA3D7155A9ADA0030F7AB /* navibar-jump.js in CopyFiles */ = {isa = PBXBuildFile; fileRef = 2CDBA3D6155A9ADA0030F7AB /* navibar-jump.js */; };
		2CDBA3F3155A9CB00030F7AB /* navibar-jump.js in CopyFiles */ = {isa = PBXBuildFile; fileRef = 2CDBA3D6155A9ADA0030F7AB /* navibar-jump.js */; };
		2CE5F1620D321CE700EDC0FF /* DocElements.applescript in AppleScript */ = {isa = PBXBuildFile; fileRef = 2CE5F1610D321CE700EDC0FF /* DocElements.applescript */; settings = {ATTRIBUTES = (Debug, ); }; };
		2CE5F4230D328D7B00EDC0FF /* IsBundleTransformer.m in Sources */ = {isa = PBXBuildFile; fileRef = 2CE5F4210D328D7B00EDC0FF /* IsBundleTransformer.m */; };
		2CE5F48C0D32EEE900EDC0FF /* NSUserDefaultsExtensions.m in Sources */ = {isa = PBXBuildFile; fileRef = 2CE5F48A0D32EEE900EDC0FF /* NSUserDefaultsExtensions.m */; };
		2CF5BF010C43CE9900224B65 /* PathExtra.m in Sources */ = {isa = PBXBuildFile; fileRef = 2CF5BEF00C43CD1D00224B65 /* PathExtra.m */; };
		2CF5BFEF0C43E6E600224B65 /* XFileExtend.applescript in AppleScript */ = {isa = PBXBuildFile; fileRef = 2CF5BFEE0C43E6E600224B65 /* XFileExtend.applescript */; settings = {ATTRIBUTES = (Debug, ); }; };
		2CFE960E0C4485DC00B0D2A6 /* PathSettingWindow.nib in Resources */ = {isa = PBXBuildFile; fileRef = 2CFE960D0C4485DC00B0D2A6 /* PathSettingWindow.nib */; };
		2CFE961B0C44925A00B0D2A6 /* PathSettingWindowController.m in Sources */ = {isa = PBXBuildFile; fileRef = 2CFE96190C44925A00B0D2A6 /* PathSettingWindowController.m */; };
		2CFE96270C4498FE00B0D2A6 /* DropBox.m in Sources */ = {isa = PBXBuildFile; fileRef = 2CFE96250C4498FE00B0D2A6 /* DropBox.m */; };
/* End PBXBuildFile section */

/* Begin PBXCopyFilesBuildPhase section */
		2C4809620C3B7E41004E3217 /* CopyFiles */ = {
			isa = PBXCopyFilesBuildPhase;
			buildActionMask = 2147483647;
			dstPath = HelpBookTemplate;
			dstSubfolderSpec = 7;
			files = (
				2C4809A00C3B7F2A004E3217 /* index.html in CopyFiles */,
			);
			runOnlyForDeploymentPostprocessing = 0;
		};
		2C4809A10C3B7F33004E3217 /* CopyFiles */ = {
			isa = PBXCopyFilesBuildPhase;
			buildActionMask = 2147483647;
			dstPath = HelpBookTemplate/assets;
			dstSubfolderSpec = 7;
			files = (
				2C621B6C156FD6880043B4BE /* navi-next16.gif in CopyFiles */,
				2C621B6D156FD6880043B4BE /* navi-previous16.gif in CopyFiles */,
				2CDBA3D7155A9ADA0030F7AB /* navibar-jump.js in CopyFiles */,
				2C4809A50C3B7F58004E3217 /* Clipboard24.png in CopyFiles */,
				2C4809A60C3B7F58004E3217 /* default.css in CopyFiles */,
				2C4809A70C3B7F58004E3217 /* editScript.scpt in CopyFiles */,
				2C4809A80C3B7F58004E3217 /* handler_page.css in CopyFiles */,
				2C4809A90C3B7F58004E3217 /* run_helpscript.js in CopyFiles */,
				2C4809AA0C3B7F58004E3217 /* setClipboard.scpt in CopyFiles */,
			);
			runOnlyForDeploymentPostprocessing = 0;
		};
		2C4809AB0C3B7F63004E3217 /* CopyFiles */ = {
			isa = PBXCopyFilesBuildPhase;
			buildActionMask = 2147483647;
			dstPath = HelpBookTemplate/pages;
			dstSubfolderSpec = 7;
			files = (
				2C4809B10C3B7F70004E3217 /* handler.html in CopyFiles */,
			);
			runOnlyForDeploymentPostprocessing = 0;
		};
		2C4A6CFB0C3CE37500DBBCD4 /* CopyFiles */ = {
			isa = PBXCopyFilesBuildPhase;
			buildActionMask = 2147483647;
			dstPath = "";
			dstSubfolderSpec = 10;
			files = (
				2C499CA30F09262900FA540D /* Sparkle.framework in CopyFiles */,
				2C4A6D020C3CE38200DBBCD4 /* DonationReminder.framework in CopyFiles */,
			);
			runOnlyForDeploymentPostprocessing = 0;
		};
		2C4EFF660C3C1654003743D7 /* CopyFiles */ = {
			isa = PBXCopyFilesBuildPhase;
			buildActionMask = 2147483647;
			dstPath = HTMLTemplate;
			dstSubfolderSpec = 7;
			files = (
				2C4EFF6A0C3C1672003743D7 /* index.html in CopyFiles */,
			);
			runOnlyForDeploymentPostprocessing = 0;
		};
		2C4EFF6B0C3C1680003743D7 /* CopyFiles */ = {
			isa = PBXCopyFilesBuildPhase;
			buildActionMask = 2147483647;
			dstPath = HTMLTemplate/pages;
			dstSubfolderSpec = 7;
			files = (
				2C4EFF730C3C16B9003743D7 /* handler.html in CopyFiles */,
			);
			runOnlyForDeploymentPostprocessing = 0;
		};
		2C4EFF6F0C3C16AB003743D7 /* CopyFiles */ = {
			isa = PBXCopyFilesBuildPhase;
			buildActionMask = 2147483647;
			dstPath = HTMLTemplate/assets;
			dstSubfolderSpec = 7;
			files = (
				2CA7273F155B537700DEE9D6 /* default.css in CopyFiles */,
				2CA7272D155B517800DEE9D6 /* handler_page.css in CopyFiles */,
				2CDBA3F3155A9CB00030F7AB /* navibar-jump.js in CopyFiles */,
				2C4D6C6A152EB64F00C6DEF5 /* navgrad-normal.png in CopyFiles */,
				2C4EFF740C3C16C0003743D7 /* non-helpbook.css in CopyFiles */,
			);
			runOnlyForDeploymentPostprocessing = 0;
		};
/* End PBXCopyFilesBuildPhase section */

/* Begin PBXFileReference section */
		1058C7A1FEA54F0111CA2CBB /* Cocoa.framework */ = {isa = PBXFileReference; lastKnownFileType = wrapper.framework; name = Cocoa.framework; path = /System/Library/Frameworks/Cocoa.framework; sourceTree = "<absolute>"; };
		257572D5072881A4000BE9CA /* Info.plist */ = {isa = PBXFileReference; explicitFileType = text.plist; path = Info.plist; sourceTree = "<group>"; };
		257572D6072881A4000BE9CA /* AppleScriptDoc.app */ = {isa = PBXFileReference; explicitFileType = wrapper.application; includeInIndex = 0; path = AppleScriptDoc.app; sourceTree = BUILT_PRODUCTS_DIR; };
		29B97316FDCFA39411CA2CEA /* main.m */ = {isa = PBXFileReference; fileEncoding = 30; lastKnownFileType = sourcecode.c.objc; path = main.m; sourceTree = "<group>"; };
		29B97319FDCFA39411CA2CEA /* English */ = {isa = PBXFileReference; lastKnownFileType = wrapper.nib; name = English; path = English.lproj/MainMenu.nib; sourceTree = "<group>"; };
		29B97324FDCFA39411CA2CEA /* AppKit.framework */ = {isa = PBXFileReference; lastKnownFileType = wrapper.framework; name = AppKit.framework; path = /System/Library/Frameworks/AppKit.framework; sourceTree = "<absolute>"; };
		29B97325FDCFA39411CA2CEA /* Foundation.framework */ = {isa = PBXFileReference; lastKnownFileType = wrapper.framework; name = Foundation.framework; path = /System/Library/Frameworks/Foundation.framework; sourceTree = "<absolute>"; };
		2C0AD6830C3B5FA500E2B397 /* ASDocParser.applescript */ = {isa = PBXFileReference; fileEncoding = 30; lastKnownFileType = sourcecode.applescript; path = ASDocParser.applescript; sourceTree = "<group>"; };
		2C0AD69F0C3B61AB00E2B397 /* ExportHelpBook.applescript */ = {isa = PBXFileReference; fileEncoding = 4; lastKnownFileType = sourcecode.applescript; path = ExportHelpBook.applescript; sourceTree = "<group>"; };
		2C2975070C3C8F82000CDBEF /* SaveToFile.applescript */ = {isa = PBXFileReference; fileEncoding = 4; lastKnownFileType = sourcecode.applescript; path = SaveToFile.applescript; sourceTree = "<group>"; };
		2C2C1F840C8EEC5C0094E73B /* HelpSetup.plist */ = {isa = PBXFileReference; fileEncoding = 4; lastKnownFileType = text.plist.xml; path = HelpSetup.plist; sourceTree = "<group>"; };
		2C2C1FED0C8EED640094E73B /* English */ = {isa = PBXFileReference; fileEncoding = 10; lastKnownFileType = text.plist.strings; name = English; path = English.lproj/InfoPlist.strings; sourceTree = "<group>"; };
		2C46DAF810A1951500501F03 /* ASFormattingExtensions.m */ = {isa = PBXFileReference; fileEncoding = 4; lastKnownFileType = sourcecode.c.objc; path = ASFormattingExtensions.m; sourceTree = "<group>"; };
		2C46DAF910A1951500501F03 /* ASFormattingExtensions.h */ = {isa = PBXFileReference; fileEncoding = 4; lastKnownFileType = sourcecode.c.h; path = ASFormattingExtensions.h; sourceTree = "<group>"; };
		2C46DB7F10A19B7300501F03 /* HFSTypeUtils.m */ = {isa = PBXFileReference; fileEncoding = 4; lastKnownFileType = sourcecode.c.objc; path = HFSTypeUtils.m; sourceTree = "<group>"; };
		2C46DB8010A19B7300501F03 /* HFSTypeUtils.h */ = {isa = PBXFileReference; fileEncoding = 4; lastKnownFileType = sourcecode.c.h; path = HFSTypeUtils.h; sourceTree = "<group>"; };
		2C46DBC910A1A6BC00501F03 /* Credits.rtf */ = {isa = PBXFileReference; lastKnownFileType = text.rtf; path = Credits.rtf; sourceTree = "<group>"; };
		2C4809310C3B7D94004E3217 /* Clipboard24.png */ = {isa = PBXFileReference; lastKnownFileType = image.png; path = Clipboard24.png; sourceTree = "<group>"; };
		2C4809320C3B7D94004E3217 /* default.css */ = {isa = PBXFileReference; explicitFileType = text.css; fileEncoding = 4; path = default.css; sourceTree = "<group>"; };
		2C4809330C3B7D94004E3217 /* editScript.scpt */ = {isa = PBXFileReference; fileEncoding = 4; lastKnownFileType = sourcecode.scpt; path = editScript.scpt; sourceTree = "<group>"; };
		2C4809340C3B7D94004E3217 /* handler_page.css */ = {isa = PBXFileReference; fileEncoding = 4; lastKnownFileType = text; path = handler_page.css; sourceTree = "<group>"; };
		2C4809350C3B7D94004E3217 /* run_helpscript.js */ = {isa = PBXFileReference; fileEncoding = 4; lastKnownFileType = sourcecode.javascript; path = run_helpscript.js; sourceTree = "<group>"; };
		2C4809360C3B7D94004E3217 /* setClipboard.scpt */ = {isa = PBXFileReference; fileEncoding = 4; lastKnownFileType = sourcecode.scpt; path = setClipboard.scpt; sourceTree = "<group>"; };
		2C4809370C3B7D94004E3217 /* index.html */ = {isa = PBXFileReference; fileEncoding = 4; lastKnownFileType = text.html; path = index.html; sourceTree = "<group>"; };
		2C4809390C3B7D94004E3217 /* handler.html */ = {isa = PBXFileReference; fileEncoding = 4; lastKnownFileType = text.html; path = handler.html; sourceTree = "<group>"; };
		2C499CA20F09262900FA540D /* Sparkle.framework */ = {isa = PBXFileReference; lastKnownFileType = wrapper.framework; name = Sparkle.framework; path = ../Sparkle.framework; sourceTree = SOURCE_ROOT; };
		2C4A6CBE0C3CE15E00DBBCD4 /* FactorySettings.plist */ = {isa = PBXFileReference; explicitFileType = text.plist; fileEncoding = 4; path = FactorySettings.plist; sourceTree = "<group>"; };
		2C4A6CEE0C3CE21B00DBBCD4 /* AppController.m */ = {isa = PBXFileReference; fileEncoding = 4; lastKnownFileType = sourcecode.c.objc; path = AppController.m; sourceTree = "<group>"; wrapsLines = 1; };
		2C4A6CEF0C3CE21B00DBBCD4 /* AppController.h */ = {isa = PBXFileReference; fileEncoding = 4; lastKnownFileType = sourcecode.c.h; path = AppController.h; sourceTree = "<group>"; };
		2C4A6CF50C3CE35F00DBBCD4 /* DonationReminder.framework */ = {isa = PBXFileReference; lastKnownFileType = wrapper.framework; name = DonationReminder.framework; path = ../DonationReminder.framework; sourceTree = SOURCE_ROOT; };
		2C4BF1050F09652600F015E7 /* dsa_pub.pem */ = {isa = PBXFileReference; fileEncoding = 4; lastKnownFileType = text; path = dsa_pub.pem; sourceTree = "<group>"; };
		2C4D6C69152EB64F00C6DEF5 /* navgrad-normal.png */ = {isa = PBXFileReference; lastKnownFileType = image.png; path = "navgrad-normal.png"; sourceTree = "<group>"; };
		2C4EC6BE152D94AB004167B9 /* Japanese */ = {isa = PBXFileReference; lastKnownFileType = text.plist.strings; name = Japanese; path = Japanese.lproj/InfoPlist.strings; sourceTree = "<group>"; };
		2C4EC6BF152D94C3004167B9 /* Japanese */ = {isa = PBXFileReference; lastKnownFileType = wrapper.nib; name = Japanese; path = Japanese.lproj/PathSettingWindow.nib; sourceTree = "<group>"; };
		2C4EC6C0152D94CF004167B9 /* Japanese */ = {isa = PBXFileReference; lastKnownFileType = wrapper.nib; name = Japanese; path = Japanese.lproj/MainMenu.nib; sourceTree = "<group>"; };
		2C4EC726152D9F5C004167B9 /* Japanese */ = {isa = PBXFileReference; fileEncoding = 4; lastKnownFileType = text.plist.strings; name = Japanese; path = Japanese.lproj/MainMenu.strings; sourceTree = "<group>"; };
		2C4EC728152D9F5C004167B9 /* Japanese */ = {isa = PBXFileReference; fileEncoding = 10; lastKnownFileType = text.plist.strings; name = Japanese; path = Japanese.lproj/PathSettingWindow.strings; sourceTree = "<group>"; };
		2C4EFEA70C3BB03A003743D7 /* SetupHelpBook.applescript */ = {isa = PBXFileReference; fileEncoding = 4; lastKnownFileType = sourcecode.applescript; path = SetupHelpBook.applescript; sourceTree = "<group>"; };
		2C4EFF5D0C3C1642003743D7 /* non-helpbook.css */ = {isa = PBXFileReference; fileEncoding = 4; lastKnownFileType = text.css; path = "non-helpbook.css"; sourceTree = "<group>"; };
		2C4EFF5F0C3C1642003743D7 /* index.html */ = {isa = PBXFileReference; fileEncoding = 4; lastKnownFileType = text.html; path = index.html; sourceTree = "<group>"; };
		2C4EFF610C3C1642003743D7 /* handler.html */ = {isa = PBXFileReference; fileEncoding = 4; lastKnownFileType = text.html; path = handler.html; sourceTree = "<group>"; };
		2C621B6A156FD6660043B4BE /* navi-next16.gif */ = {isa = PBXFileReference; lastKnownFileType = image.gif; path = "navi-next16.gif"; sourceTree = "<group>"; };
		2C621B6B156FD6660043B4BE /* navi-previous16.gif */ = {isa = PBXFileReference; lastKnownFileType = image.gif; path = "navi-previous16.gif"; sourceTree = "<group>"; };
		2C72A8D60D3CBCDF00AECAF3 /* empty-Info.plist */ = {isa = PBXFileReference; fileEncoding = 4; lastKnownFileType = text.plist.xml; path = "empty-Info.plist"; sourceTree = "<group>"; };
		2C72A8E50D3CBDD700AECAF3 /* InfoPlistArranger.applescript */ = {isa = PBXFileReference; fileEncoding = 4; lastKnownFileType = sourcecode.applescript; path = InfoPlistArranger.applescript; sourceTree = "<group>"; };
		2CA3B4710D335FEC00A8C813 /* ColorSwitch.applescript */ = {isa = PBXFileReference; fileEncoding = 2147483649; lastKnownFileType = sourcecode.applescript; path = ColorSwitch.applescript; sourceTree = "<group>"; };
		2CA3B4720D335FEC00A8C813 /* CommandBuilder.applescript */ = {isa = PBXFileReference; fileEncoding = 2147483649; lastKnownFileType = sourcecode.applescript; path = CommandBuilder.applescript; sourceTree = "<group>"; };
		2CA3B4730D335FEC00A8C813 /* DefaultsManager.applescript */ = {isa = PBXFileReference; fileEncoding = 2147483649; lastKnownFileType = sourcecode.applescript; path = DefaultsManager.applescript; sourceTree = "<group>"; };
		2CA3B4740D335FEC00A8C813 /* MessageUtility.applescript */ = {isa = PBXFileReference; fileEncoding = 2147483649; lastKnownFileType = sourcecode.applescript; path = MessageUtility.applescript; sourceTree = "<group>"; };
		2CA3B4750D335FEC00A8C813 /* SheetManager.applescript */ = {isa = PBXFileReference; fileEncoding = 2147483649; lastKnownFileType = sourcecode.applescript; path = SheetManager.applescript; sourceTree = "<group>"; };
		2CA3B4760D335FEC00A8C813 /* TerminalCommander.applescript */ = {isa = PBXFileReference; fileEncoding = 2147483649; lastKnownFileType = sourcecode.applescript; path = TerminalCommander.applescript; sourceTree = "<group>"; };
		2CA3B4780D335FEC00A8C813 /* UtilityHandlers.applescript */ = {isa = PBXFileReference; fileEncoding = 2147483649; lastKnownFileType = sourcecode.applescript; path = UtilityHandlers.applescript; sourceTree = "<group>"; };
		2CAEEB560ECC129E0068900A /* ASFormatting.h */ = {isa = PBXFileReference; fileEncoding = 2147483649; lastKnownFileType = sourcecode.c.h; path = ASFormatting.h; sourceTree = "<group>"; };
		2CAEEB570ECC129E0068900A /* ASFormatting.m */ = {isa = PBXFileReference; fileEncoding = 2147483649; lastKnownFileType = sourcecode.c.objc; path = ASFormatting.m; sourceTree = "<group>"; };
		2CAEEB580ECC129E0068900A /* ASFormattingStyle.applescript */ = {isa = PBXFileReference; fileEncoding = 2147483649; lastKnownFileType = sourcecode.applescript; path = ASFormattingStyle.applescript; sourceTree = "<group>"; };
		2CAEEB590ECC129E0068900A /* ASHTML.applescript */ = {isa = PBXFileReference; fileEncoding = 2147483649; lastKnownFileType = sourcecode.applescript; path = ASHTML.applescript; sourceTree = "<group>"; };
		2CAEEB750ECC13E30068900A /* Carbon.framework */ = {isa = PBXFileReference; lastKnownFileType = wrapper.framework; name = Carbon.framework; path = /System/Library/Frameworks/Carbon.framework; sourceTree = "<absolute>"; };
		2CAEEC450ECC1B0F0068900A /* OSAKit.framework */ = {isa = PBXFileReference; lastKnownFileType = wrapper.framework; name = OSAKit.framework; path = /System/Library/Frameworks/OSAKit.framework; sourceTree = "<absolute>"; };
		2CDBA3D6155A9ADA0030F7AB /* navibar-jump.js */ = {isa = PBXFileReference; fileEncoding = 4; lastKnownFileType = sourcecode.javascript; path = "navibar-jump.js"; sourceTree = "<group>"; };
		2CE5F1610D321CE700EDC0FF /* DocElements.applescript */ = {isa = PBXFileReference; fileEncoding = 4; lastKnownFileType = sourcecode.applescript; path = DocElements.applescript; sourceTree = "<group>"; };
		2CE5F4200D328D7B00EDC0FF /* IsBundleTransformer.h */ = {isa = PBXFileReference; fileEncoding = 4; lastKnownFileType = sourcecode.c.h; path = IsBundleTransformer.h; sourceTree = "<group>"; };
		2CE5F4210D328D7B00EDC0FF /* IsBundleTransformer.m */ = {isa = PBXFileReference; fileEncoding = 4; lastKnownFileType = sourcecode.c.objc; path = IsBundleTransformer.m; sourceTree = "<group>"; };
		2CE5F4890D32EEE900EDC0FF /* NSUserDefaultsExtensions.h */ = {isa = PBXFileReference; fileEncoding = 4; lastKnownFileType = sourcecode.c.h; path = NSUserDefaultsExtensions.h; sourceTree = "<group>"; };
		2CE5F48A0D32EEE900EDC0FF /* NSUserDefaultsExtensions.m */ = {isa = PBXFileReference; fileEncoding = 4; lastKnownFileType = sourcecode.c.objc; path = NSUserDefaultsExtensions.m; sourceTree = "<group>"; };
		2CF5BE310C43AB3300224B65 /* History.rd */ = {isa = PBXFileReference; fileEncoding = 4; lastKnownFileType = text; name = History.rd; path = ../../History.rd; sourceTree = SOURCE_ROOT; wrapsLines = 1; };
		2CF5BEEB0C43CD1D00224B65 /* NSURL+NDCarbonUtilities.h */ = {isa = PBXFileReference; fileEncoding = 4; lastKnownFileType = sourcecode.c.h; path = "NSURL+NDCarbonUtilities.h"; sourceTree = "<group>"; };
		2CF5BEEC0C43CD1D00224B65 /* NSURL+NDCarbonUtilities.m */ = {isa = PBXFileReference; fileEncoding = 4; lastKnownFileType = sourcecode.c.objc; path = "NSURL+NDCarbonUtilities.m"; sourceTree = "<group>"; };
		2CF5BEED0C43CD1D00224B65 /* PaletteWindowController.h */ = {isa = PBXFileReference; fileEncoding = 4; lastKnownFileType = sourcecode.c.h; path = PaletteWindowController.h; sourceTree = "<group>"; };
		2CF5BEEE0C43CD1D00224B65 /* PaletteWindowController.m */ = {isa = PBXFileReference; fileEncoding = 4; lastKnownFileType = sourcecode.c.objc; path = PaletteWindowController.m; sourceTree = "<group>"; };
		2CF5BEEF0C43CD1D00224B65 /* PathExtra.h */ = {isa = PBXFileReference; fileEncoding = 4; lastKnownFileType = sourcecode.c.h; path = PathExtra.h; sourceTree = "<group>"; };
		2CF5BEF00C43CD1D00224B65 /* PathExtra.m */ = {isa = PBXFileReference; fileEncoding = 4; lastKnownFileType = sourcecode.c.objc; path = PathExtra.m; sourceTree = "<group>"; };
		2CF5BEF10C43CD1D00224B65 /* StringExtra.h */ = {isa = PBXFileReference; fileEncoding = 4; lastKnownFileType = sourcecode.c.h; path = StringExtra.h; sourceTree = "<group>"; };
		2CF5BEF20C43CD1D00224B65 /* StringExtra.m */ = {isa = PBXFileReference; fileEncoding = 4; lastKnownFileType = sourcecode.c.objc; path = StringExtra.m; sourceTree = "<group>"; };
		2CF5BEF30C43CD1D00224B65 /* WindowVisibilityController.h */ = {isa = PBXFileReference; fileEncoding = 4; lastKnownFileType = sourcecode.c.h; path = WindowVisibilityController.h; sourceTree = "<group>"; };
		2CF5BEF40C43CD1D00224B65 /* WindowVisibilityController.m */ = {isa = PBXFileReference; fileEncoding = 4; lastKnownFileType = sourcecode.c.objc; path = WindowVisibilityController.m; sourceTree = "<group>"; };
		2CF5BFEE0C43E6E600224B65 /* XFileExtend.applescript */ = {isa = PBXFileReference; fileEncoding = 30; lastKnownFileType = sourcecode.applescript; path = XFileExtend.applescript; sourceTree = "<group>"; };
		2CFE95FA0C4485B100B0D2A6 /* English */ = {isa = PBXFileReference; lastKnownFileType = wrapper.nib; name = English; path = English.lproj/PathSettingWindow.nib; sourceTree = "<group>"; };
		2CFE96180C44925A00B0D2A6 /* PathSettingWindowController.h */ = {isa = PBXFileReference; fileEncoding = 2147483649; lastKnownFileType = sourcecode.c.h; path = PathSettingWindowController.h; sourceTree = "<group>"; };
		2CFE96190C44925A00B0D2A6 /* PathSettingWindowController.m */ = {isa = PBXFileReference; fileEncoding = 2147483649; lastKnownFileType = sourcecode.c.objc; path = PathSettingWindowController.m; sourceTree = "<group>"; wrapsLines = 1; };
		2CFE96240C4498FE00B0D2A6 /* DropBox.h */ = {isa = PBXFileReference; fileEncoding = 4; lastKnownFileType = sourcecode.c.h; path = DropBox.h; sourceTree = "<group>"; };
		2CFE96250C4498FE00B0D2A6 /* DropBox.m */ = {isa = PBXFileReference; fileEncoding = 4; lastKnownFileType = sourcecode.c.objc; path = DropBox.m; sourceTree = "<group>"; };
		65359356078DD41800E8BB2F /* AppleScriptKit.sdef */ = {isa = PBXFileReference; fileEncoding = 30; lastKnownFileType = text.sdef; name = AppleScriptKit.sdef; path = /System/Library/Frameworks/AppleScriptKit.framework/Versions/A/Resources/AppleScriptKit.sdef; sourceTree = "<absolute>"; };
		DA206CF1015C4E2903C91932 /* AppleScriptKit.framework */ = {isa = PBXFileReference; lastKnownFileType = wrapper.framework; name = AppleScriptKit.framework; path = /System/Library/Frameworks/AppleScriptKit.framework; sourceTree = "<absolute>"; };
		DA206CF3015C4E8B03C91932 /* AppleScriptDoc.applescript */ = {isa = PBXFileReference; fileEncoding = 30; lastKnownFileType = sourcecode.applescript; lineEnding = 0; path = AppleScriptDoc.applescript; sourceTree = "<group>"; };
/* End PBXFileReference section */

/* Begin PBXFrameworksBuildPhase section */
		257572CB072881A4000BE9CA /* Frameworks */ = {
			isa = PBXFrameworksBuildPhase;
			buildActionMask = 2147483647;
			files = (
				257572CC072881A4000BE9CA /* Cocoa.framework in Frameworks */,
				257572CD072881A4000BE9CA /* AppleScriptKit.framework in Frameworks */,
				2C4A6CF60C3CE35F00DBBCD4 /* DonationReminder.framework in Frameworks */,
				2CAEEB8A0ECC13E30068900A /* Carbon.framework in Frameworks */,
				2CAEEC4E0ECC1B0F0068900A /* OSAKit.framework in Frameworks */,
				2C499CAC0F09266E00FA540D /* Sparkle.framework in Frameworks */,
			);
			runOnlyForDeploymentPostprocessing = 0;
		};
/* End PBXFrameworksBuildPhase section */

/* Begin PBXGroup section */
		080E96DDFE201D6D7F000001 /* Scripts */ = {
			isa = PBXGroup;
			children = (
				DA206CF3015C4E8B03C91932 /* AppleScriptDoc.applescript */,
				2C0AD6830C3B5FA500E2B397 /* ASDocParser.applescript */,
				2C0AD69F0C3B61AB00E2B397 /* ExportHelpBook.applescript */,
				2C4EFEA70C3BB03A003743D7 /* SetupHelpBook.applescript */,
				2C2975070C3C8F82000CDBEF /* SaveToFile.applescript */,
				2CF5BFEE0C43E6E600224B65 /* XFileExtend.applescript */,
				2CE5F1610D321CE700EDC0FF /* DocElements.applescript */,
				2C72A8E50D3CBDD700AECAF3 /* InfoPlistArranger.applescript */,
			);
			name = Scripts;
			sourceTree = "<group>";
		};
		1058C7A0FEA54F0111CA2CBB /* Linked Frameworks */ = {
			isa = PBXGroup;
			children = (
				2C499CA20F09262900FA540D /* Sparkle.framework */,
				2CAEEC450ECC1B0F0068900A /* OSAKit.framework */,
				2C4A6CF50C3CE35F00DBBCD4 /* DonationReminder.framework */,
				2CAEEB750ECC13E30068900A /* Carbon.framework */,
				1058C7A1FEA54F0111CA2CBB /* Cocoa.framework */,
				DA206CF1015C4E2903C91932 /* AppleScriptKit.framework */,
			);
			name = "Linked Frameworks";
			sourceTree = "<group>";
		};
		1058C7A2FEA54F0111CA2CBB /* Other Frameworks */ = {
			isa = PBXGroup;
			children = (
				29B97325FDCFA39411CA2CEA /* Foundation.framework */,
				29B97324FDCFA39411CA2CEA /* AppKit.framework */,
			);
			name = "Other Frameworks";
			sourceTree = "<group>";
		};
		19C28FACFE9D520D11CA2CBB /* Products */ = {
			isa = PBXGroup;
			children = (
				257572D6072881A4000BE9CA /* AppleScriptDoc.app */,
			);
			name = Products;
			sourceTree = "<group>";
		};
		29B97314FDCFA39411CA2CEA /* AppleScriptDoc */ = {
			isa = PBXGroup;
			children = (
				2CF5BE310C43AB3300224B65 /* History.rd */,
				2CFE96280C44991E00B0D2A6 /* Class */,
				080E96DDFE201D6D7F000001 /* Scripts */,
				2CA3B4700D335FEC00A8C813 /* ASStudioScriptLib */,
				2CAEEB550ECC129E0068900A /* ASHTMLLib */,
				2CF5BEE80C43CD1D00224B65 /* CocoaLib */,
				29B97317FDCFA39411CA2CEA /* Resources */,
				29B97315FDCFA39411CA2CEA /* Other Sources */,
				29B97323FDCFA39411CA2CEA /* Frameworks */,
				19C28FACFE9D520D11CA2CBB /* Products */,
			);
			name = AppleScriptDoc;
			sourceTree = "<group>";
		};
		29B97315FDCFA39411CA2CEA /* Other Sources */ = {
			isa = PBXGroup;
			children = (
				29B97316FDCFA39411CA2CEA /* main.m */,
			);
			name = "Other Sources";
			sourceTree = "<group>";
		};
		29B97317FDCFA39411CA2CEA /* Resources */ = {
			isa = PBXGroup;
			children = (
				2C46DBC910A1A6BC00501F03 /* Credits.rtf */,
				2C4BF1050F09652600F015E7 /* dsa_pub.pem */,
				257572D5072881A4000BE9CA /* Info.plist */,
				2C2C1FEC0C8EED640094E73B /* InfoPlist.strings */,
				2C72A8D60D3CBCDF00AECAF3 /* empty-Info.plist */,
				2C4EC725152D9F5C004167B9 /* MainMenu.strings */,
				2C4EC727152D9F5C004167B9 /* PathSettingWindow.strings */,
				2C2C1F840C8EEC5C0094E73B /* HelpSetup.plist */,
				2C4A6CBE0C3CE15E00DBBCD4 /* FactorySettings.plist */,
				2C4EFF5B0C3C1642003743D7 /* HTMLTemplate */,
				2C48092F0C3B7D94004E3217 /* HelpBookTemplate */,
				2CFE960D0C4485DC00B0D2A6 /* PathSettingWindow.nib */,
				29B97318FDCFA39411CA2CEA /* MainMenu.nib */,
				65359356078DD41800E8BB2F /* AppleScriptKit.sdef */,
			);
			name = Resources;
			sourceTree = "<group>";
		};
		29B97323FDCFA39411CA2CEA /* Frameworks */ = {
			isa = PBXGroup;
			children = (
				1058C7A0FEA54F0111CA2CBB /* Linked Frameworks */,
				1058C7A2FEA54F0111CA2CBB /* Other Frameworks */,
			);
			name = Frameworks;
			sourceTree = "<group>";
		};
		2C46DA9410A193F900501F03 /* unused */ = {
			isa = PBXGroup;
			children = (
				2CF5BEF10C43CD1D00224B65 /* StringExtra.h */,
				2CF5BEF20C43CD1D00224B65 /* StringExtra.m */,
				2CF5BEED0C43CD1D00224B65 /* PaletteWindowController.h */,
				2CF5BEEE0C43CD1D00224B65 /* PaletteWindowController.m */,
				2CF5BEF30C43CD1D00224B65 /* WindowVisibilityController.h */,
				2CF5BEF40C43CD1D00224B65 /* WindowVisibilityController.m */,
			);
			name = unused;
			sourceTree = "<group>";
		};
		2C46DA9610A1943D00501F03 /* unused */ = {
			isa = PBXGroup;
			children = (
				2CA3B4710D335FEC00A8C813 /* ColorSwitch.applescript */,
				2CA3B4720D335FEC00A8C813 /* CommandBuilder.applescript */,
				2CA3B4740D335FEC00A8C813 /* MessageUtility.applescript */,
				2CA3B4750D335FEC00A8C813 /* SheetManager.applescript */,
				2CA3B4760D335FEC00A8C813 /* TerminalCommander.applescript */,
				2CA3B4780D335FEC00A8C813 /* UtilityHandlers.applescript */,
			);
			name = unused;
			sourceTree = "<group>";
		};
		2C48092F0C3B7D94004E3217 /* HelpBookTemplate */ = {
			isa = PBXGroup;
			children = (
				2C4809300C3B7D94004E3217 /* assets */,
				2C4809370C3B7D94004E3217 /* index.html */,
				2C4809380C3B7D94004E3217 /* pages */,
			);
			path = HelpBookTemplate;
			sourceTree = "<group>";
		};
		2C4809300C3B7D94004E3217 /* assets */ = {
			isa = PBXGroup;
			children = (
				2C621B6A156FD6660043B4BE /* navi-next16.gif */,
				2C621B6B156FD6660043B4BE /* navi-previous16.gif */,
				2CDBA3D6155A9ADA0030F7AB /* navibar-jump.js */,
				2C4D6C69152EB64F00C6DEF5 /* navgrad-normal.png */,
				2C4809310C3B7D94004E3217 /* Clipboard24.png */,
				2C4809320C3B7D94004E3217 /* default.css */,
				2C4809330C3B7D94004E3217 /* editScript.scpt */,
				2C4809340C3B7D94004E3217 /* handler_page.css */,
				2C4809350C3B7D94004E3217 /* run_helpscript.js */,
				2C4809360C3B7D94004E3217 /* setClipboard.scpt */,
			);
			path = assets;
			sourceTree = "<group>";
		};
		2C4809380C3B7D94004E3217 /* pages */ = {
			isa = PBXGroup;
			children = (
				2C4809390C3B7D94004E3217 /* handler.html */,
			);
			path = pages;
			sourceTree = "<group>";
		};
		2C4EFF5B0C3C1642003743D7 /* HTMLTemplate */ = {
			isa = PBXGroup;
			children = (
				2C4EFF5C0C3C1642003743D7 /* assets */,
				2C4EFF5F0C3C1642003743D7 /* index.html */,
				2C4EFF600C3C1642003743D7 /* pages */,
			);
			path = HTMLTemplate;
			sourceTree = "<group>";
		};
		2C4EFF5C0C3C1642003743D7 /* assets */ = {
			isa = PBXGroup;
			children = (
				2C4EFF5D0C3C1642003743D7 /* non-helpbook.css */,
			);
			path = assets;
			sourceTree = "<group>";
		};
		2C4EFF600C3C1642003743D7 /* pages */ = {
			isa = PBXGroup;
			children = (
				2C4EFF610C3C1642003743D7 /* handler.html */,
			);
			path = pages;
			sourceTree = "<group>";
		};
		2CA3B4700D335FEC00A8C813 /* ASStudioScriptLib */ = {
			isa = PBXGroup;
			children = (
				2C46DA9610A1943D00501F03 /* unused */,
				2CA3B4730D335FEC00A8C813 /* DefaultsManager.applescript */,
			);
			path = ASStudioScriptLib;
			sourceTree = "<group>";
		};
		2CAEEB550ECC129E0068900A /* ASHTMLLib */ = {
			isa = PBXGroup;
			children = (
				2CAEEB560ECC129E0068900A /* ASFormatting.h */,
				2CAEEB570ECC129E0068900A /* ASFormatting.m */,
				2CAEEB580ECC129E0068900A /* ASFormattingStyle.applescript */,
				2CAEEB590ECC129E0068900A /* ASHTML.applescript */,
				2C46DAF810A1951500501F03 /* ASFormattingExtensions.m */,
				2C46DAF910A1951500501F03 /* ASFormattingExtensions.h */,
			);
			path = ASHTMLLib;
			sourceTree = "<group>";
		};
		2CF5BEE80C43CD1D00224B65 /* CocoaLib */ = {
			isa = PBXGroup;
			children = (
				2C46DA9410A193F900501F03 /* unused */,
				2CFE96240C4498FE00B0D2A6 /* DropBox.h */,
				2CFE96250C4498FE00B0D2A6 /* DropBox.m */,
				2CF5BEEB0C43CD1D00224B65 /* NSURL+NDCarbonUtilities.h */,
				2CF5BEEC0C43CD1D00224B65 /* NSURL+NDCarbonUtilities.m */,
				2CF5BEEF0C43CD1D00224B65 /* PathExtra.h */,
				2CF5BEF00C43CD1D00224B65 /* PathExtra.m */,
				2C46DB7F10A19B7300501F03 /* HFSTypeUtils.m */,
				2C46DB8010A19B7300501F03 /* HFSTypeUtils.h */,
			);
			path = CocoaLib;
			sourceTree = "<group>";
		};
		2CFE96280C44991E00B0D2A6 /* Class */ = {
			isa = PBXGroup;
			children = (
				2C4A6CEE0C3CE21B00DBBCD4 /* AppController.m */,
				2C4A6CEF0C3CE21B00DBBCD4 /* AppController.h */,
				2CFE96180C44925A00B0D2A6 /* PathSettingWindowController.h */,
				2CFE96190C44925A00B0D2A6 /* PathSettingWindowController.m */,
				2CE5F4200D328D7B00EDC0FF /* IsBundleTransformer.h */,
				2CE5F4210D328D7B00EDC0FF /* IsBundleTransformer.m */,
				2CE5F4890D32EEE900EDC0FF /* NSUserDefaultsExtensions.h */,
				2CE5F48A0D32EEE900EDC0FF /* NSUserDefaultsExtensions.m */,
			);
			name = Class;
			sourceTree = "<group>";
		};
/* End PBXGroup section */

/* Begin PBXHeadersBuildPhase section */
		257572C3072881A4000BE9CA /* Headers */ = {
			isa = PBXHeadersBuildPhase;
			buildActionMask = 2147483647;
			files = (
			);
			runOnlyForDeploymentPostprocessing = 0;
		};
/* End PBXHeadersBuildPhase section */

/* Begin PBXNativeTarget section */
		257572C2072881A4000BE9CA /* AppleScriptDoc */ = {
			isa = PBXNativeTarget;
			buildConfigurationList = 4E71A80508A2C90C0034BBD9 /* Build configuration list for PBXNativeTarget "AppleScriptDoc" */;
			buildPhases = (
				257572C3072881A4000BE9CA /* Headers */,
				2C4EC700152D9614004167B9 /* ShellScript */,
				257572C4072881A4000BE9CA /* AppleScript */,
				257572C6072881A4000BE9CA /* Resources */,
				257572C9072881A4000BE9CA /* Sources */,
				257572CB072881A4000BE9CA /* Frameworks */,
				2C4809620C3B7E41004E3217 /* CopyFiles */,
				2C4809A10C3B7F33004E3217 /* CopyFiles */,
				2C4809AB0C3B7F63004E3217 /* CopyFiles */,
				2C4EFF660C3C1654003743D7 /* CopyFiles */,
				2C4EFF6B0C3C1680003743D7 /* CopyFiles */,
				2C4EFF6F0C3C16AB003743D7 /* CopyFiles */,
				2C4A6CFB0C3CE37500DBBCD4 /* CopyFiles */,
				2C275B3F1548C3CE006FFB2B /* ShellScript */,
			);
			buildRules = (
			);
			dependencies = (
			);
			name = AppleScriptDoc;
			productInstallPath = "$(HOME)/Applications";
			productName = AppleScriptDoc;
			productReference = 257572D6072881A4000BE9CA /* AppleScriptDoc.app */;
			productType = "com.apple.product-type.application";
		};
/* End PBXNativeTarget section */

/* Begin PBXProject section */
		29B97313FDCFA39411CA2CEA /* Project object */ = {
			isa = PBXProject;
			buildConfigurationList = 4E71A80908A2C90C0034BBD9 /* Build configuration list for PBXProject "AppleScriptDoc" */;
			compatibilityVersion = "Xcode 2.4";
			developmentRegion = English;
			hasScannedForEncodings = 1;
			knownRegions = (
				English,
				Japanese,
				French,
				German,
			);
			mainGroup = 29B97314FDCFA39411CA2CEA /* AppleScriptDoc */;
			projectDirPath = "";
			projectRoot = "";
			targets = (
				257572C2072881A4000BE9CA /* AppleScriptDoc */,
			);
		};
/* End PBXProject section */

/* Begin PBXResourcesBuildPhase section */
		257572C6072881A4000BE9CA /* Resources */ = {
			isa = PBXResourcesBuildPhase;
			buildActionMask = 2147483647;
			files = (
				257572C7072881A4000BE9CA /* MainMenu.nib in Resources */,
				2C4A6CBF0C3CE15F00DBBCD4 /* FactorySettings.plist in Resources */,
				2CFE960E0C4485DC00B0D2A6 /* PathSettingWindow.nib in Resources */,
				2C2C1F850C8EEC5C0094E73B /* HelpSetup.plist in Resources */,
				2C2C1FEE0C8EED650094E73B /* InfoPlist.strings in Resources */,
				2C72A8D70D3CBCDF00AECAF3 /* empty-Info.plist in Resources */,
				2C4BF1060F09652600F015E7 /* dsa_pub.pem in Resources */,
				2C46DBCA10A1A6BC00501F03 /* Credits.rtf in Resources */,
				2C4EC729152D9F5C004167B9 /* MainMenu.strings in Resources */,
				2C4EC72A152D9F5C004167B9 /* PathSettingWindow.strings in Resources */,
			);
			runOnlyForDeploymentPostprocessing = 0;
		};
/* End PBXResourcesBuildPhase section */

/* Begin PBXShellScriptBuildPhase section */
		2C275B3F1548C3CE006FFB2B /* ShellScript */ = {
			isa = PBXShellScriptBuildPhase;
			buildActionMask = 8;
			files = (
			);
			inputPaths = (
			);
			outputPaths = (
			);
			runOnlyForDeploymentPostprocessing = 1;
			shellPath = /bin/sh;
			shellScript = "if [ \"$BUILD_STYLE\" = 'Release' ]; then\ncd $BUILT_PRODUCTS_DIR\nSetupHelpBook $FULL_PRODUCT_NAME\nfi\n";
		};
		2C4EC700152D9614004167B9 /* ShellScript */ = {
			isa = PBXShellScriptBuildPhase;
			buildActionMask = 2147483647;
			files = (
			);
			inputPaths = (
				"$(SRCROOT)/English/MainMenu.nib",
				"$(SRCROOT)/Japanese/MainMenu.strings",
				"$(SRCROOT)/Japanese/PathSettingWindow.strings",
				"$(SRCROOT)/English/PathSettingWindow.nib",
			);
			outputPaths = (
				"$(SRCROOT)/Japanese/PathSettingWindow.nib",
				"$(SRCROOT)/Japanese/MainMenu.nib",
			);
			runOnlyForDeploymentPostprocessing = 0;
			shellPath = /bin/sh;
			shellScript = "# Extract English strings (use this to check if you added new strings to your nibs)\n# ibtool --generate-strings-file Resources/English.lproj/MainWindow.strings Resources/English.lproj/MainWindow.xib\n# Generate Localized interface\n\nfunction generate_localized_interface\n{\nbase_lang=$1\ntarget_lang=$2\ntarget_nib=$3\nnib_basename=`basename ${target_nib} .nib` \n\ntarget_lang_strings=${target_lang}.lproj/${nib_basename}.strings\ntarget_lang_nib=${target_lang}.lproj/${target_nib}\n\nif ! [ -e ${target_lang_strings} ]; then\n\tibtool --generate-strings-file ${target_lang_strings} ${target_lang_nib}\nelse\n\techo \"${target_lang_strings} exist\"\U0013\nfi\n\nibtool --strings-file ${target_lang_strings} --write ${target_lang_nib} ${base_lang}.lproj/${target_nib}\nrm -rf ${target_lang_nib}/.svn\n}\n\ngenerate_localized_interface English Japanese MainMenu.nib\ngenerate_localized_interface English Japanese PathSettingWindow.nib\n\n\n";
		};
/* End PBXShellScriptBuildPhase section */

/* Begin PBXSourcesBuildPhase section */
		257572C9072881A4000BE9CA /* Sources */ = {
			isa = PBXSourcesBuildPhase;
			buildActionMask = 2147483647;
			files = (
				2CF5BF010C43CE9900224B65 /* PathExtra.m in Sources */,
				257572CA072881A4000BE9CA /* main.m in Sources */,
				2C4A6CF00C3CE21B00DBBCD4 /* AppController.m in Sources */,
				2CFE961B0C44925A00B0D2A6 /* PathSettingWindowController.m in Sources */,
				2CFE96270C4498FE00B0D2A6 /* DropBox.m in Sources */,
				2CE5F4230D328D7B00EDC0FF /* IsBundleTransformer.m in Sources */,
				2CE5F48C0D32EEE900EDC0FF /* NSUserDefaultsExtensions.m in Sources */,
				2CAEEB5B0ECC129E0068900A /* ASFormatting.m in Sources */,
				2C46DAFA10A1951500501F03 /* ASFormattingExtensions.m in Sources */,
				2C46DB8110A19B7300501F03 /* HFSTypeUtils.m in Sources */,
			);
			runOnlyForDeploymentPostprocessing = 0;
		};
/* End PBXSourcesBuildPhase section */

/* Begin PBXVariantGroup section */
		29B97318FDCFA39411CA2CEA /* MainMenu.nib */ = {
			isa = PBXVariantGroup;
			children = (
				29B97319FDCFA39411CA2CEA /* English */,
				2C4EC6C0152D94CF004167B9 /* Japanese */,
			);
			name = MainMenu.nib;
			sourceTree = "<group>";
		};
		2C2C1FEC0C8EED640094E73B /* InfoPlist.strings */ = {
			isa = PBXVariantGroup;
			children = (
				2C2C1FED0C8EED640094E73B /* English */,
				2C4EC6BE152D94AB004167B9 /* Japanese */,
			);
			name = InfoPlist.strings;
			sourceTree = "<group>";
		};
		2C4EC725152D9F5C004167B9 /* MainMenu.strings */ = {
			isa = PBXVariantGroup;
			children = (
				2C4EC726152D9F5C004167B9 /* Japanese */,
			);
			name = MainMenu.strings;
			sourceTree = "<group>";
		};
		2C4EC727152D9F5C004167B9 /* PathSettingWindow.strings */ = {
			isa = PBXVariantGroup;
			children = (
				2C4EC728152D9F5C004167B9 /* Japanese */,
			);
			name = PathSettingWindow.strings;
			sourceTree = "<group>";
		};
		2CFE960D0C4485DC00B0D2A6 /* PathSettingWindow.nib */ = {
			isa = PBXVariantGroup;
			children = (
				2CFE95FA0C4485B100B0D2A6 /* English */,
				2C4EC6BF152D94C3004167B9 /* Japanese */,
			);
			name = PathSettingWindow.nib;
			sourceTree = "<group>";
		};
/* End PBXVariantGroup section */

/* Begin XCBuildConfiguration section */
		4E71A80608A2C90C0034BBD9 /* Debug */ = {
			isa = XCBuildConfiguration;
			buildSettings = {
				ARCHS = "$(NATIVE_ARCH)";
				COPY_PHASE_STRIP = NO;
				CURRENT_PROJECT_VERSION = 16;
				FRAMEWORK_SEARCH_PATHS = (
					"$(inherited)",
					"$(FRAMEWORK_SEARCH_PATHS_QUOTED_1)",
					"$(FRAMEWORK_SEARCH_PATHS_QUOTED_FOR_TARGET_1)",
				);
				FRAMEWORK_SEARCH_PATHS_QUOTED_1 = "\"$(SRCROOT)/..\"";
				FRAMEWORK_SEARCH_PATHS_QUOTED_FOR_TARGET_1 = "\"$(SRCROOT)/..\"";
				GCC_DYNAMIC_NO_PIC = NO;
				GCC_ENABLE_FIX_AND_CONTINUE = YES;
				GCC_MODEL_TUNING = G5;
				GCC_OPTIMIZATION_LEVEL = 0;
				INFOPLIST_FILE = Info.plist;
				INSTALL_PATH = "$(HOME)/Applications";
				PRODUCT_NAME = AppleScriptDoc;
				VERSIONING_SYSTEM = "apple-generic";
				WRAPPER_EXTENSION = app;
				ZERO_LINK = YES;
			};
			name = Debug;
		};
		4E71A80708A2C90C0034BBD9 /* Release */ = {
			isa = XCBuildConfiguration;
			buildSettings = {
				ARCHS = (
					x86_64,
					i386,
					ppc,
				);
				ARCHS_STANDARD_32_64_BIT_PRE_XCODE_3_1 = "ppc i386 ppc64 x86_64";
				CURRENT_PROJECT_VERSION = 16;
				FRAMEWORK_SEARCH_PATHS = (
					"$(inherited)",
					"$(FRAMEWORK_SEARCH_PATHS_QUOTED_1)",
					"$(FRAMEWORK_SEARCH_PATHS_QUOTED_FOR_TARGET_1)",
				);
				FRAMEWORK_SEARCH_PATHS_QUOTED_1 = "\"$(SRCROOT)/..\"";
				FRAMEWORK_SEARCH_PATHS_QUOTED_FOR_TARGET_1 = "\"$(SRCROOT)/..\"";
				GCC_GENERATE_DEBUGGING_SYMBOLS = NO;
				GCC_MODEL_TUNING = G5;
				INFOPLIST_FILE = Info.plist;
				INSTALL_PATH = /Applications;
				OTHER_OSAFLAGS = "-x";
				PRODUCT_NAME = AppleScriptDoc;
				VERSIONING_SYSTEM = "apple-generic";
				WRAPPER_EXTENSION = app;
			};
			name = Release;
		};
		4E71A80A08A2C90C0034BBD9 /* Debug */ = {
			isa = XCBuildConfiguration;
			buildSettings = {
				ARCHS = "$(ARCHS_STANDARD_32_64_BIT_PRE_XCODE_3_1)";
				ARCHS_STANDARD_32_64_BIT_PRE_XCODE_3_1 = "ppc i386 ppc64 x86_64";
				GCC_C_LANGUAGE_STANDARD = c99;
				GCC_WARN_ABOUT_RETURN_TYPE = YES;
				GCC_WARN_UNUSED_VARIABLE = YES;
				PREBINDING = NO;
				SDKROOT = /Developer/SDKs/MacOSX10.5.sdk;
			};
			name = Debug;
		};
		4E71A80B08A2C90C0034BBD9 /* Release */ = {
			isa = XCBuildConfiguration;
			buildSettings = {
				ARCHS = "$(ARCHS_STANDARD_32_64_BIT_PRE_XCODE_3_1)";
				ARCHS_STANDARD_32_64_BIT_PRE_XCODE_3_1 = "ppc i386 ppc64 x86_64";
				GCC_C_LANGUAGE_STANDARD = c99;
				GCC_WARN_ABOUT_RETURN_TYPE = YES;
				GCC_WARN_UNUSED_VARIABLE = YES;
				PREBINDING = NO;
				SDKROOT = /Developer/SDKs/MacOSX10.5.sdk;
			};
			name = Release;
		};
/* End XCBuildConfiguration section */

/* Begin XCConfigurationList section */
		4E71A80508A2C90C0034BBD9 /* Build configuration list for PBXNativeTarget "AppleScriptDoc" */ = {
			isa = XCConfigurationList;
			buildConfigurations = (
				4E71A80608A2C90C0034BBD9 /* Debug */,
				4E71A80708A2C90C0034BBD9 /* Release */,
			);
			defaultConfigurationIsVisible = 0;
			defaultConfigurationName = Release;
		};
		4E71A80908A2C90C0034BBD9 /* Build configuration list for PBXProject "AppleScriptDoc" */ = {
			isa = XCConfigurationList;
			buildConfigurations = (
				4E71A80A08A2C90C0034BBD9 /* Debug */,
				4E71A80B08A2C90C0034BBD9 /* Release */,
			);
			defaultConfigurationIsVisible = 0;
			defaultConfigurationName = Release;
		};
/* End XCConfigurationList section */
	};
	rootObject = 29B97313FDCFA39411CA2CEA /* Project object */;
}
