// !$*UTF8*$!
{
	archiveVersion = 1;
	classes = {
	};
	objectVersion = 47;
	objects = {

/* Begin PBXBuildFile section */
		1BCA590765205398468F16B6 /* libPods-AppleScriptDoc.a in Frameworks */ = {isa = PBXBuildFile; fileRef = 453ED35E42ACA1B7BB30676A /* libPods-AppleScriptDoc.a */; };
		257572C5072881A4000BE9CA /* AppleScriptDoc.applescript in Sources */ = {isa = PBXBuildFile; fileRef = DA206CF3015C4E8B03C91932 /* AppleScriptDoc.applescript */; settings = {ATTRIBUTES = (); }; };
		257572CA072881A4000BE9CA /* main.m in Sources */ = {isa = PBXBuildFile; fileRef = 29B97316FDCFA39411CA2CEA /* main.m */; settings = {ATTRIBUTES = (); }; };
		257572CC072881A4000BE9CA /* Cocoa.framework in Frameworks */ = {isa = PBXBuildFile; fileRef = 1058C7A1FEA54F0111CA2CBB /* Cocoa.framework */; };
		2C0AD6840C3B5FA500E2B397 /* ASDocParser.applescript in Sources */ = {isa = PBXBuildFile; fileRef = 2C0AD6830C3B5FA500E2B397 /* ASDocParser.applescript */; settings = {ATTRIBUTES = (); }; };
		2C0AD6A00C3B61AB00E2B397 /* ExportHelpBook.applescript in Sources */ = {isa = PBXBuildFile; fileRef = 2C0AD69F0C3B61AB00E2B397 /* ExportHelpBook.applescript */; settings = {ATTRIBUTES = (); }; };
		2C21553F1D34EB5600281743 /* ScriptLinkMaker.applescript in Sources */ = {isa = PBXBuildFile; fileRef = 2C21553E1D34EB5600281743 /* ScriptLinkMaker.applescript */; };
		2C2155411D34EF0300281743 /* button_template.html in Resources */ = {isa = PBXBuildFile; fileRef = 2C2155401D34EF0300281743 /* button_template.html */; };
		2C2155471D3506BD00281743 /* StringExtra.m in Sources */ = {isa = PBXBuildFile; fileRef = 2C2155461D3506BD00281743 /* StringExtra.m */; };
		2C2975080C3C8F82000CDBEF /* SaveToFile.applescript in Sources */ = {isa = PBXBuildFile; fileRef = 2C2975070C3C8F82000CDBEF /* SaveToFile.applescript */; settings = {ATTRIBUTES = (); }; };
		2C2C1F850C8EEC5C0094E73B /* HelpSetup.plist in Resources */ = {isa = PBXBuildFile; fileRef = 2C2C1F840C8EEC5C0094E73B /* HelpSetup.plist */; };
		2C46DBCA10A1A6BC00501F03 /* Credits.rtf in Resources */ = {isa = PBXBuildFile; fileRef = 2C46DBC910A1A6BC00501F03 /* Credits.rtf */; };
		2C4A6CBF0C3CE15F00DBBCD4 /* FactorySettings.plist in Resources */ = {isa = PBXBuildFile; fileRef = 2C4A6CBE0C3CE15E00DBBCD4 /* FactorySettings.plist */; };
		2C4A6CF00C3CE21B00DBBCD4 /* AppController.m in Sources */ = {isa = PBXBuildFile; fileRef = 2C4A6CEE0C3CE21B00DBBCD4 /* AppController.m */; };
		2C4BF1060F09652600F015E7 /* dsa_pub.pem in Resources */ = {isa = PBXBuildFile; fileRef = 2C4BF1050F09652600F015E7 /* dsa_pub.pem */; };
		2C4EFEA80C3BB03A003743D7 /* SetupHelpBook.applescript in Sources */ = {isa = PBXBuildFile; fileRef = 2C4EFEA70C3BB03A003743D7 /* SetupHelpBook.applescript */; settings = {ATTRIBUTES = (); }; };
		2C57BBD81D355E750066D9CF /* HelpBookTemplate in Resources */ = {isa = PBXBuildFile; fileRef = 2C57BBD71D355E750066D9CF /* HelpBookTemplate */; };
		2C57BBDA1D355E7D0066D9CF /* HTMLTemplate in Resources */ = {isa = PBXBuildFile; fileRef = 2C57BBD91D355E7D0066D9CF /* HTMLTemplate */; };
		2C57BBE01D35CE060066D9CF /* InfoPlist.strings in Resources */ = {isa = PBXBuildFile; fileRef = 2C57BBDE1D35CE060066D9CF /* InfoPlist.strings */; };
		2C6203021D2E0B11000BD9CC /* HBBundleTemplate in Resources */ = {isa = PBXBuildFile; fileRef = 2C6203011D2E0B11000BD9CC /* HBBundleTemplate */; };
		2C72A8D70D3CBCDF00AECAF3 /* empty-Info.plist in Resources */ = {isa = PBXBuildFile; fileRef = 2C72A8D60D3CBCDF00AECAF3 /* empty-Info.plist */; };
		2C72A8E60D3CBDD700AECAF3 /* InfoPlistArranger.applescript in Sources */ = {isa = PBXBuildFile; fileRef = 2C72A8E50D3CBDD700AECAF3 /* InfoPlistArranger.applescript */; settings = {ATTRIBUTES = (); }; };
		2C777EF21C6C9F60007F64DF /* PathSettingWindow.xib in Resources */ = {isa = PBXBuildFile; fileRef = 2C777EF01C6C9F60007F64DF /* PathSettingWindow.xib */; };
		2C777EF61C6CA252007F64DF /* MainMenu.xib in Resources */ = {isa = PBXBuildFile; fileRef = 2C777EF41C6CA252007F64DF /* MainMenu.xib */; };
		2CAEEB8A0ECC13E30068900A /* Carbon.framework in Frameworks */ = {isa = PBXBuildFile; fileRef = 2CAEEB750ECC13E30068900A /* Carbon.framework */; };
		2CAEEC4E0ECC1B0F0068900A /* OSAKit.framework in Frameworks */ = {isa = PBXBuildFile; fileRef = 2CAEEC450ECC1B0F0068900A /* OSAKit.framework */; };
		2CC5AA001C6CB71E007FEA6C /* AppleScriptDocHelp in Resources */ = {isa = PBXBuildFile; fileRef = 2CC5A9FF1C6CB71E007FEA6C /* AppleScriptDocHelp */; };
		2CC5AA051C6D7D29007FEA6C /* HBIndexer.m in Sources */ = {isa = PBXBuildFile; fileRef = 2CC5AA041C6D7D29007FEA6C /* HBIndexer.m */; };
		2CCDF86E164D5B9200591CB2 /* AppleScriptObjC.framework in Frameworks */ = {isa = PBXBuildFile; fileRef = 2CCDF86D164D5B9200591CB2 /* AppleScriptObjC.framework */; };
		2CDEA6DB1D39323C00A75006 /* HandlerElement.applescript in Sources */ = {isa = PBXBuildFile; fileRef = 2CDEA6DA1D39323C00A75006 /* HandlerElement.applescript */; };
		2CE5F1620D321CE700EDC0FF /* DocElements.applescript in Sources */ = {isa = PBXBuildFile; fileRef = 2CE5F1610D321CE700EDC0FF /* DocElements.applescript */; settings = {ATTRIBUTES = (); }; };
		2CE5F4230D328D7B00EDC0FF /* IsBundleTransformer.m in Sources */ = {isa = PBXBuildFile; fileRef = 2CE5F4210D328D7B00EDC0FF /* IsBundleTransformer.m */; };
		2CE5F48C0D32EEE900EDC0FF /* NSUserDefaultsExtensions.m in Sources */ = {isa = PBXBuildFile; fileRef = 2CE5F48A0D32EEE900EDC0FF /* NSUserDefaultsExtensions.m */; };
		2CF5BFEF0C43E6E600224B65 /* XFileExtend.applescript in Sources */ = {isa = PBXBuildFile; fileRef = 2CF5BFEE0C43E6E600224B65 /* XFileExtend.applescript */; settings = {ATTRIBUTES = (); }; };
		2CFA14011C6C1CC00068526B /* DonationReminder.framework in Frameworks */ = {isa = PBXBuildFile; fileRef = 2CFA13FC1C6C1C5D0068526B /* DonationReminder.framework */; };
		2CFA14031C6C1CDF0068526B /* DonationReminder.framework in CopyFiles */ = {isa = PBXBuildFile; fileRef = 2CFA13FC1C6C1C5D0068526B /* DonationReminder.framework */; };
		2CFA140B1C6C1D840068526B /* ASFormatting.m in Sources */ = {isa = PBXBuildFile; fileRef = 2CFA14061C6C1D840068526B /* ASFormatting.m */; };
		2CFA140C1C6C1D840068526B /* ASFormattingExtensions.m in Sources */ = {isa = PBXBuildFile; fileRef = 2CFA14081C6C1D840068526B /* ASFormattingExtensions.m */; };
		2CFA140D1C6C1D840068526B /* ASFormattingStyle.applescript in Sources */ = {isa = PBXBuildFile; fileRef = 2CFA14091C6C1D840068526B /* ASFormattingStyle.applescript */; };
		2CFA140E1C6C1D840068526B /* ASHTML.applescript in Sources */ = {isa = PBXBuildFile; fileRef = 2CFA140A1C6C1D840068526B /* ASHTML.applescript */; };
		2CFA14141C6C1D8E0068526B /* DropBox.m in Sources */ = {isa = PBXBuildFile; fileRef = 2CFA14111C6C1D8E0068526B /* DropBox.m */; };
		2CFA14151C6C1D8E0068526B /* HFSTypeUtils.m in Sources */ = {isa = PBXBuildFile; fileRef = 2CFA14131C6C1D8E0068526B /* HFSTypeUtils.m */; };
		2CFA141D1C6C1D9B0068526B /* PathExtra.m in Sources */ = {isa = PBXBuildFile; fileRef = 2CFA141B1C6C1D9B0068526B /* PathExtra.m */; };
		2CFE961B0C44925A00B0D2A6 /* PathSettingWindowController.m in Sources */ = {isa = PBXBuildFile; fileRef = 2CFE96190C44925A00B0D2A6 /* PathSettingWindowController.m */; };
/* End PBXBuildFile section */

/* Begin PBXContainerItemProxy section */
		2CFA13FB1C6C1C5D0068526B /* PBXContainerItemProxy */ = {
			isa = PBXContainerItemProxy;
			containerPortal = 2CFA13F71C6C1C5C0068526B /* DonationReminder.xcodeproj */;
			proxyType = 2;
			remoteGlobalIDString = 2C4A363E19E61FC40031E521;
			remoteInfo = DonationReminder;
		};
		2CFA13FF1C6C1C9D0068526B /* PBXContainerItemProxy */ = {
			isa = PBXContainerItemProxy;
			containerPortal = 2CFA13F71C6C1C5C0068526B /* DonationReminder.xcodeproj */;
			proxyType = 1;
			remoteGlobalIDString = 2C4A363119E61FC40031E521;
			remoteInfo = DonationReminder;
		};
/* End PBXContainerItemProxy section */

/* Begin PBXCopyFilesBuildPhase section */
		2C4A6CFB0C3CE37500DBBCD4 /* CopyFiles */ = {
			isa = PBXCopyFilesBuildPhase;
			buildActionMask = 2147483647;
			dstPath = "";
			dstSubfolderSpec = 10;
			files = (
				2CFA14031C6C1CDF0068526B /* DonationReminder.framework in CopyFiles */,
			);
			runOnlyForDeploymentPostprocessing = 0;
		};
/* End PBXCopyFilesBuildPhase section */

/* Begin PBXFileReference section */
		1058C7A1FEA54F0111CA2CBB /* Cocoa.framework */ = {isa = PBXFileReference; lastKnownFileType = wrapper.framework; name = Cocoa.framework; path = /System/Library/Frameworks/Cocoa.framework; sourceTree = "<absolute>"; };
		257572D5072881A4000BE9CA /* Info.plist */ = {isa = PBXFileReference; explicitFileType = text.plist; path = Info.plist; sourceTree = "<group>"; };
		257572D6072881A4000BE9CA /* AppleScriptDoc.app */ = {isa = PBXFileReference; explicitFileType = wrapper.application; includeInIndex = 0; path = AppleScriptDoc.app; sourceTree = BUILT_PRODUCTS_DIR; };
		29B97316FDCFA39411CA2CEA /* main.m */ = {isa = PBXFileReference; fileEncoding = 30; lastKnownFileType = sourcecode.c.objc; path = main.m; sourceTree = "<group>"; };
		29B97324FDCFA39411CA2CEA /* AppKit.framework */ = {isa = PBXFileReference; lastKnownFileType = wrapper.framework; name = AppKit.framework; path = /System/Library/Frameworks/AppKit.framework; sourceTree = "<absolute>"; };
		29B97325FDCFA39411CA2CEA /* Foundation.framework */ = {isa = PBXFileReference; lastKnownFileType = wrapper.framework; name = Foundation.framework; path = /System/Library/Frameworks/Foundation.framework; sourceTree = "<absolute>"; };
		2C0AD6830C3B5FA500E2B397 /* ASDocParser.applescript */ = {isa = PBXFileReference; fileEncoding = 30; lastKnownFileType = sourcecode.applescript; path = ASDocParser.applescript; sourceTree = "<group>"; };
		2C0AD69F0C3B61AB00E2B397 /* ExportHelpBook.applescript */ = {isa = PBXFileReference; fileEncoding = 4; lastKnownFileType = sourcecode.applescript; path = ExportHelpBook.applescript; sourceTree = "<group>"; };
		2C21553E1D34EB5600281743 /* ScriptLinkMaker.applescript */ = {isa = PBXFileReference; fileEncoding = 4; lastKnownFileType = sourcecode.applescript; path = ScriptLinkMaker.applescript; sourceTree = "<group>"; };
		2C2155401D34EF0300281743 /* button_template.html */ = {isa = PBXFileReference; fileEncoding = 4; lastKnownFileType = text.html; path = button_template.html; sourceTree = "<group>"; };
		2C2155451D3506BD00281743 /* StringExtra.h */ = {isa = PBXFileReference; fileEncoding = 4; lastKnownFileType = sourcecode.c.h; path = StringExtra.h; sourceTree = "<group>"; };
		2C2155461D3506BD00281743 /* StringExtra.m */ = {isa = PBXFileReference; fileEncoding = 4; lastKnownFileType = sourcecode.c.objc; path = StringExtra.m; sourceTree = "<group>"; };
		2C2975070C3C8F82000CDBEF /* SaveToFile.applescript */ = {isa = PBXFileReference; fileEncoding = 4; lastKnownFileType = sourcecode.applescript; path = SaveToFile.applescript; sourceTree = "<group>"; };
		2C2C1F840C8EEC5C0094E73B /* HelpSetup.plist */ = {isa = PBXFileReference; fileEncoding = 4; lastKnownFileType = text.plist.xml; path = HelpSetup.plist; sourceTree = "<group>"; };
		2C46DBC910A1A6BC00501F03 /* Credits.rtf */ = {isa = PBXFileReference; fileEncoding = 4; lastKnownFileType = text.rtf; path = Credits.rtf; sourceTree = "<group>"; };
		2C4A6CBE0C3CE15E00DBBCD4 /* FactorySettings.plist */ = {isa = PBXFileReference; explicitFileType = text.plist; fileEncoding = 4; path = FactorySettings.plist; sourceTree = "<group>"; };
		2C4A6CEE0C3CE21B00DBBCD4 /* AppController.m */ = {isa = PBXFileReference; fileEncoding = 4; lastKnownFileType = sourcecode.c.objc; path = AppController.m; sourceTree = "<group>"; wrapsLines = 1; };
		2C4A6CEF0C3CE21B00DBBCD4 /* AppController.h */ = {isa = PBXFileReference; fileEncoding = 4; lastKnownFileType = sourcecode.c.h; path = AppController.h; sourceTree = "<group>"; };
		2C4BF1050F09652600F015E7 /* dsa_pub.pem */ = {isa = PBXFileReference; fileEncoding = 4; lastKnownFileType = text; path = dsa_pub.pem; sourceTree = "<group>"; };
		2C4EFEA70C3BB03A003743D7 /* SetupHelpBook.applescript */ = {isa = PBXFileReference; fileEncoding = 4; lastKnownFileType = sourcecode.applescript; path = SetupHelpBook.applescript; sourceTree = "<group>"; };
		2C57BBD71D355E750066D9CF /* HelpBookTemplate */ = {isa = PBXFileReference; lastKnownFileType = folder; path = HelpBookTemplate; sourceTree = "<group>"; };
		2C57BBD91D355E7D0066D9CF /* HTMLTemplate */ = {isa = PBXFileReference; lastKnownFileType = folder; path = HTMLTemplate; sourceTree = "<group>"; };
		2C57BBDB1D35B7160066D9CF /* ja */ = {isa = PBXFileReference; lastKnownFileType = text.plist.strings; name = ja; path = ja.lproj/MainMenu.strings; sourceTree = "<group>"; };
		2C57BBDC1D35B7160066D9CF /* ja */ = {isa = PBXFileReference; lastKnownFileType = text.plist.strings; name = ja; path = ja.lproj/PathSettingWindow.strings; sourceTree = "<group>"; };
		2C57BBDF1D35CE060066D9CF /* en */ = {isa = PBXFileReference; fileEncoding = 10; lastKnownFileType = text.plist.strings; name = en; path = en.lproj/InfoPlist.strings; sourceTree = "<group>"; };
		2C57BBE11D35CE0D0066D9CF /* ja */ = {isa = PBXFileReference; fileEncoding = 10; lastKnownFileType = text.plist.strings; name = ja; path = ja.lproj/InfoPlist.strings; sourceTree = "<group>"; };
		2C6203011D2E0B11000BD9CC /* HBBundleTemplate */ = {isa = PBXFileReference; lastKnownFileType = folder; path = HBBundleTemplate; sourceTree = "<group>"; };
		2C72A8D60D3CBCDF00AECAF3 /* empty-Info.plist */ = {isa = PBXFileReference; fileEncoding = 4; lastKnownFileType = text.plist.xml; path = "empty-Info.plist"; sourceTree = "<group>"; };
		2C72A8E50D3CBDD700AECAF3 /* InfoPlistArranger.applescript */ = {isa = PBXFileReference; fileEncoding = 4; lastKnownFileType = sourcecode.applescript; path = InfoPlistArranger.applescript; sourceTree = "<group>"; };
		2C777EF11C6C9F60007F64DF /* Base */ = {isa = PBXFileReference; lastKnownFileType = file.xib; name = Base; path = Base.lproj/PathSettingWindow.xib; sourceTree = "<group>"; };
		2C777EF51C6CA252007F64DF /* Base */ = {isa = PBXFileReference; lastKnownFileType = file.xib; name = Base; path = Base.lproj/MainMenu.xib; sourceTree = "<group>"; };
		2CAEEB750ECC13E30068900A /* Carbon.framework */ = {isa = PBXFileReference; lastKnownFileType = wrapper.framework; name = Carbon.framework; path = /System/Library/Frameworks/Carbon.framework; sourceTree = "<absolute>"; };
		2CAEEC450ECC1B0F0068900A /* OSAKit.framework */ = {isa = PBXFileReference; lastKnownFileType = wrapper.framework; name = OSAKit.framework; path = /System/Library/Frameworks/OSAKit.framework; sourceTree = "<absolute>"; };
		2CC5A9FF1C6CB71E007FEA6C /* AppleScriptDocHelp */ = {isa = PBXFileReference; lastKnownFileType = folder; path = AppleScriptDocHelp; sourceTree = "<group>"; };
		2CC5AA031C6D7D29007FEA6C /* HBIndexer.h */ = {isa = PBXFileReference; fileEncoding = 4; lastKnownFileType = sourcecode.c.h; path = HBIndexer.h; sourceTree = "<group>"; };
		2CC5AA041C6D7D29007FEA6C /* HBIndexer.m */ = {isa = PBXFileReference; fileEncoding = 4; lastKnownFileType = sourcecode.c.objc; path = HBIndexer.m; sourceTree = "<group>"; };
		2CCDF86D164D5B9200591CB2 /* AppleScriptObjC.framework */ = {isa = PBXFileReference; lastKnownFileType = wrapper.framework; name = AppleScriptObjC.framework; path = System/Library/Frameworks/AppleScriptObjC.framework; sourceTree = SDKROOT; };
		2CCDFC55165086DB00591CB2 /* DonationReminder.framework */ = {isa = PBXFileReference; lastKnownFileType = wrapper.framework; name = DonationReminder.framework; path = /Users/tkurita/Dev/Projects/AppleScriptDoc/AppleScriptDoc/DonationReminder.framework; sourceTree = "<absolute>"; };
		2CDEA6DA1D39323C00A75006 /* HandlerElement.applescript */ = {isa = PBXFileReference; fileEncoding = 4; lastKnownFileType = sourcecode.applescript; path = HandlerElement.applescript; sourceTree = "<group>"; };
		2CE5F1610D321CE700EDC0FF /* DocElements.applescript */ = {isa = PBXFileReference; fileEncoding = 4; lastKnownFileType = sourcecode.applescript; path = DocElements.applescript; sourceTree = "<group>"; };
		2CE5F4200D328D7B00EDC0FF /* IsBundleTransformer.h */ = {isa = PBXFileReference; fileEncoding = 4; lastKnownFileType = sourcecode.c.h; path = IsBundleTransformer.h; sourceTree = "<group>"; };
		2CE5F4210D328D7B00EDC0FF /* IsBundleTransformer.m */ = {isa = PBXFileReference; fileEncoding = 4; lastKnownFileType = sourcecode.c.objc; path = IsBundleTransformer.m; sourceTree = "<group>"; };
		2CE5F4890D32EEE900EDC0FF /* NSUserDefaultsExtensions.h */ = {isa = PBXFileReference; fileEncoding = 4; lastKnownFileType = sourcecode.c.h; path = NSUserDefaultsExtensions.h; sourceTree = "<group>"; };
		2CE5F48A0D32EEE900EDC0FF /* NSUserDefaultsExtensions.m */ = {isa = PBXFileReference; fileEncoding = 4; lastKnownFileType = sourcecode.c.objc; path = NSUserDefaultsExtensions.m; sourceTree = "<group>"; };
		2CF5BE310C43AB3300224B65 /* History.rd */ = {isa = PBXFileReference; fileEncoding = 4; lastKnownFileType = text; name = History.rd; path = ../History.rd; sourceTree = SOURCE_ROOT; wrapsLines = 1; };
		2CF5BFEE0C43E6E600224B65 /* XFileExtend.applescript */ = {isa = PBXFileReference; fileEncoding = 30; lastKnownFileType = sourcecode.applescript; path = XFileExtend.applescript; sourceTree = "<group>"; };
		2CFA13F71C6C1C5C0068526B /* DonationReminder.xcodeproj */ = {isa = PBXFileReference; lastKnownFileType = "wrapper.pb-project"; name = DonationReminder.xcodeproj; path = DonationReminder/DonationReminder.xcodeproj; sourceTree = "<group>"; };
		2CFA14051C6C1D840068526B /* ASFormatting.h */ = {isa = PBXFileReference; fileEncoding = 4; lastKnownFileType = sourcecode.c.h; path = ASFormatting.h; sourceTree = "<group>"; };
		2CFA14061C6C1D840068526B /* ASFormatting.m */ = {isa = PBXFileReference; fileEncoding = 4; lastKnownFileType = sourcecode.c.objc; path = ASFormatting.m; sourceTree = "<group>"; };
		2CFA14071C6C1D840068526B /* ASFormattingExtensions.h */ = {isa = PBXFileReference; fileEncoding = 4; lastKnownFileType = sourcecode.c.h; path = ASFormattingExtensions.h; sourceTree = "<group>"; };
		2CFA14081C6C1D840068526B /* ASFormattingExtensions.m */ = {isa = PBXFileReference; fileEncoding = 4; lastKnownFileType = sourcecode.c.objc; path = ASFormattingExtensions.m; sourceTree = "<group>"; };
		2CFA14091C6C1D840068526B /* ASFormattingStyle.applescript */ = {isa = PBXFileReference; fileEncoding = 4; lastKnownFileType = sourcecode.applescript; path = ASFormattingStyle.applescript; sourceTree = "<group>"; };
		2CFA140A1C6C1D840068526B /* ASHTML.applescript */ = {isa = PBXFileReference; fileEncoding = 4; lastKnownFileType = sourcecode.applescript; path = ASHTML.applescript; sourceTree = "<group>"; };
		2CFA14101C6C1D8E0068526B /* DropBox.h */ = {isa = PBXFileReference; fileEncoding = 4; lastKnownFileType = sourcecode.c.h; path = DropBox.h; sourceTree = "<group>"; };
		2CFA14111C6C1D8E0068526B /* DropBox.m */ = {isa = PBXFileReference; fileEncoding = 4; lastKnownFileType = sourcecode.c.objc; path = DropBox.m; sourceTree = "<group>"; };
		2CFA14121C6C1D8E0068526B /* HFSTypeUtils.h */ = {isa = PBXFileReference; fileEncoding = 4; lastKnownFileType = sourcecode.c.h; path = HFSTypeUtils.h; sourceTree = "<group>"; };
		2CFA14131C6C1D8E0068526B /* HFSTypeUtils.m */ = {isa = PBXFileReference; fileEncoding = 4; lastKnownFileType = sourcecode.c.objc; path = HFSTypeUtils.m; sourceTree = "<group>"; };
		2CFA141A1C6C1D9B0068526B /* PathExtra.h */ = {isa = PBXFileReference; fileEncoding = 4; lastKnownFileType = sourcecode.c.h; path = PathExtra.h; sourceTree = "<group>"; };
		2CFA141B1C6C1D9B0068526B /* PathExtra.m */ = {isa = PBXFileReference; fileEncoding = 4; lastKnownFileType = sourcecode.c.objc; path = PathExtra.m; sourceTree = "<group>"; };
		2CFA46A71C6C7E370094B047 /* localize.mk */ = {isa = PBXFileReference; fileEncoding = 4; lastKnownFileType = text; path = localize.mk; sourceTree = "<group>"; };
		2CFA46A81C6C7E370094B047 /* localize_ib.mk */ = {isa = PBXFileReference; fileEncoding = 4; lastKnownFileType = text; path = localize_ib.mk; sourceTree = "<group>"; };
		2CFA46A91C6C7E370094B047 /* localize_ib.sh */ = {isa = PBXFileReference; fileEncoding = 4; lastKnownFileType = text.script.sh; path = localize_ib.sh; sourceTree = "<group>"; };
		2CFA46AA1C6C7E370094B047 /* require_strings_file.sh */ = {isa = PBXFileReference; fileEncoding = 4; lastKnownFileType = text.script.sh; path = require_strings_file.sh; sourceTree = "<group>"; };
		2CFE96180C44925A00B0D2A6 /* PathSettingWindowController.h */ = {isa = PBXFileReference; fileEncoding = 2147483649; lastKnownFileType = sourcecode.c.h; path = PathSettingWindowController.h; sourceTree = "<group>"; };
		2CFE96190C44925A00B0D2A6 /* PathSettingWindowController.m */ = {isa = PBXFileReference; fileEncoding = 2147483649; lastKnownFileType = sourcecode.c.objc; path = PathSettingWindowController.m; sourceTree = "<group>"; wrapsLines = 1; };
		453ED35E42ACA1B7BB30676A /* libPods-AppleScriptDoc.a */ = {isa = PBXFileReference; explicitFileType = archive.ar; includeInIndex = 0; path = "libPods-AppleScriptDoc.a"; sourceTree = BUILT_PRODUCTS_DIR; };
		8E67486B3EE2E784C4A97EB7 /* Pods-AppleScriptDoc.debug.xcconfig */ = {isa = PBXFileReference; includeInIndex = 1; lastKnownFileType = text.xcconfig; name = "Pods-AppleScriptDoc.debug.xcconfig"; path = "Pods/Target Support Files/Pods-AppleScriptDoc/Pods-AppleScriptDoc.debug.xcconfig"; sourceTree = "<group>"; };
		DA206CF3015C4E8B03C91932 /* AppleScriptDoc.applescript */ = {isa = PBXFileReference; fileEncoding = 4; lastKnownFileType = sourcecode.applescript; lineEnding = 0; path = AppleScriptDoc.applescript; sourceTree = "<group>"; };
		DBE05ED6A4F2DA5A4E4A0694 /* Pods-AppleScriptDoc.release.xcconfig */ = {isa = PBXFileReference; includeInIndex = 1; lastKnownFileType = text.xcconfig; name = "Pods-AppleScriptDoc.release.xcconfig"; path = "Pods/Target Support Files/Pods-AppleScriptDoc/Pods-AppleScriptDoc.release.xcconfig"; sourceTree = "<group>"; };
/* End PBXFileReference section */

/* Begin PBXFrameworksBuildPhase section */
		257572CB072881A4000BE9CA /* Frameworks */ = {
			isa = PBXFrameworksBuildPhase;
			buildActionMask = 2147483647;
			files = (
				257572CC072881A4000BE9CA /* Cocoa.framework in Frameworks */,
				2CAEEB8A0ECC13E30068900A /* Carbon.framework in Frameworks */,
				2CAEEC4E0ECC1B0F0068900A /* OSAKit.framework in Frameworks */,
				2CCDF86E164D5B9200591CB2 /* AppleScriptObjC.framework in Frameworks */,
				2CFA14011C6C1CC00068526B /* DonationReminder.framework in Frameworks */,
				1BCA590765205398468F16B6 /* libPods-AppleScriptDoc.a in Frameworks */,
			);
			runOnlyForDeploymentPostprocessing = 0;
		};
/* End PBXFrameworksBuildPhase section */

/* Begin PBXGroup section */
		080E96DDFE201D6D7F000001 /* Scripts */ = {
			isa = PBXGroup;
			children = (
				DA206CF3015C4E8B03C91932 /* AppleScriptDoc.applescript */,
				2CDEA6DA1D39323C00A75006 /* HandlerElement.applescript */,
				2C0AD6830C3B5FA500E2B397 /* ASDocParser.applescript */,
				2C0AD69F0C3B61AB00E2B397 /* ExportHelpBook.applescript */,
				2C4EFEA70C3BB03A003743D7 /* SetupHelpBook.applescript */,
				2C2975070C3C8F82000CDBEF /* SaveToFile.applescript */,
				2CF5BFEE0C43E6E600224B65 /* XFileExtend.applescript */,
				2CE5F1610D321CE700EDC0FF /* DocElements.applescript */,
				2C72A8E50D3CBDD700AECAF3 /* InfoPlistArranger.applescript */,
				2C21553E1D34EB5600281743 /* ScriptLinkMaker.applescript */,
			);
			name = Scripts;
			sourceTree = "<group>";
		};
		1058C7A0FEA54F0111CA2CBB /* Linked Frameworks */ = {
			isa = PBXGroup;
			children = (
				2CAEEC450ECC1B0F0068900A /* OSAKit.framework */,
				2CAEEB750ECC13E30068900A /* Carbon.framework */,
				1058C7A1FEA54F0111CA2CBB /* Cocoa.framework */,
				2CCDF86D164D5B9200591CB2 /* AppleScriptObjC.framework */,
				2CCDFC55165086DB00591CB2 /* DonationReminder.framework */,
			);
			name = "Linked Frameworks";
			sourceTree = "<group>";
		};
		1058C7A2FEA54F0111CA2CBB /* Other Frameworks */ = {
			isa = PBXGroup;
			children = (
				29B97325FDCFA39411CA2CEA /* Foundation.framework */,
				29B97324FDCFA39411CA2CEA /* AppKit.framework */,
			);
			name = "Other Frameworks";
			sourceTree = "<group>";
		};
		19C28FACFE9D520D11CA2CBB /* Products */ = {
			isa = PBXGroup;
			children = (
				257572D6072881A4000BE9CA /* AppleScriptDoc.app */,
			);
			name = Products;
			sourceTree = "<group>";
		};
		29B97314FDCFA39411CA2CEA /* AppleScriptDoc */ = {
			isa = PBXGroup;
			children = (
				2CF5BE310C43AB3300224B65 /* History.rd */,
				2CFA14161C6C1D9B0068526B /* PathExtra */,
				2C2155441D3506BD00281743 /* StringExtra */,
				2CFA140F1C6C1D8E0068526B /* DropBox */,
				2CFA14041C6C1D840068526B /* ASHTMLLib */,
				2CFE96280C44991E00B0D2A6 /* Class */,
				080E96DDFE201D6D7F000001 /* Scripts */,
				29B97317FDCFA39411CA2CEA /* Resources */,
				29B97315FDCFA39411CA2CEA /* Other Sources */,
				29B97323FDCFA39411CA2CEA /* Frameworks */,
				19C28FACFE9D520D11CA2CBB /* Products */,
				2CFA46A61C6C7E370094B047 /* LocalizeTools */,
				2CFA13F71C6C1C5C0068526B /* DonationReminder.xcodeproj */,
				60497277E54F4B8E470BD577 /* Pods */,
			);
			name = AppleScriptDoc;
			sourceTree = "<group>";
		};
		29B97315FDCFA39411CA2CEA /* Other Sources */ = {
			isa = PBXGroup;
			children = (
				29B97316FDCFA39411CA2CEA /* main.m */,
			);
			name = "Other Sources";
			sourceTree = "<group>";
		};
		29B97317FDCFA39411CA2CEA /* Resources */ = {
			isa = PBXGroup;
			children = (
				2C57BBDE1D35CE060066D9CF /* InfoPlist.strings */,
				2CC5A9FF1C6CB71E007FEA6C /* AppleScriptDocHelp */,
				2C777EF41C6CA252007F64DF /* MainMenu.xib */,
				2C777EF01C6C9F60007F64DF /* PathSettingWindow.xib */,
				2C46DBC910A1A6BC00501F03 /* Credits.rtf */,
				2C4BF1050F09652600F015E7 /* dsa_pub.pem */,
				257572D5072881A4000BE9CA /* Info.plist */,
				2C72A8D60D3CBCDF00AECAF3 /* empty-Info.plist */,
				2C2C1F840C8EEC5C0094E73B /* HelpSetup.plist */,
				2C4A6CBE0C3CE15E00DBBCD4 /* FactorySettings.plist */,
				2C2155401D34EF0300281743 /* button_template.html */,
				2C57BBD91D355E7D0066D9CF /* HTMLTemplate */,
				2C57BBD71D355E750066D9CF /* HelpBookTemplate */,
				2C6203011D2E0B11000BD9CC /* HBBundleTemplate */,
			);
			name = Resources;
			sourceTree = "<group>";
		};
		29B97323FDCFA39411CA2CEA /* Frameworks */ = {
			isa = PBXGroup;
			children = (
				1058C7A0FEA54F0111CA2CBB /* Linked Frameworks */,
				1058C7A2FEA54F0111CA2CBB /* Other Frameworks */,
				453ED35E42ACA1B7BB30676A /* libPods-AppleScriptDoc.a */,
			);
			name = Frameworks;
			sourceTree = "<group>";
		};
		2C2155441D3506BD00281743 /* StringExtra */ = {
			isa = PBXGroup;
			children = (
				2C2155451D3506BD00281743 /* StringExtra.h */,
				2C2155461D3506BD00281743 /* StringExtra.m */,
			);
			path = StringExtra;
			sourceTree = "<group>";
		};
		2CFA13F81C6C1C5C0068526B /* Products */ = {
			isa = PBXGroup;
			children = (
				2CFA13FC1C6C1C5D0068526B /* DonationReminder.framework */,
			);
			name = Products;
			sourceTree = "<group>";
		};
		2CFA14041C6C1D840068526B /* ASHTMLLib */ = {
			isa = PBXGroup;
			children = (
				2CFA14051C6C1D840068526B /* ASFormatting.h */,
				2CFA14061C6C1D840068526B /* ASFormatting.m */,
				2CFA14071C6C1D840068526B /* ASFormattingExtensions.h */,
				2CFA14081C6C1D840068526B /* ASFormattingExtensions.m */,
				2CFA14091C6C1D840068526B /* ASFormattingStyle.applescript */,
				2CFA140A1C6C1D840068526B /* ASHTML.applescript */,
			);
			path = ASHTMLLib;
			sourceTree = "<group>";
		};
		2CFA140F1C6C1D8E0068526B /* DropBox */ = {
			isa = PBXGroup;
			children = (
				2CFA14101C6C1D8E0068526B /* DropBox.h */,
				2CFA14111C6C1D8E0068526B /* DropBox.m */,
				2CFA14121C6C1D8E0068526B /* HFSTypeUtils.h */,
				2CFA14131C6C1D8E0068526B /* HFSTypeUtils.m */,
			);
			path = DropBox;
			sourceTree = "<group>";
		};
		2CFA14161C6C1D9B0068526B /* PathExtra */ = {
			isa = PBXGroup;
			children = (
				2CFA141A1C6C1D9B0068526B /* PathExtra.h */,
				2CFA141B1C6C1D9B0068526B /* PathExtra.m */,
			);
			path = PathExtra;
			sourceTree = "<group>";
		};
		2CFA46A61C6C7E370094B047 /* LocalizeTools */ = {
			isa = PBXGroup;
			children = (
				2CFA46A71C6C7E370094B047 /* localize.mk */,
				2CFA46A81C6C7E370094B047 /* localize_ib.mk */,
				2CFA46A91C6C7E370094B047 /* localize_ib.sh */,
				2CFA46AA1C6C7E370094B047 /* require_strings_file.sh */,
			);
			path = LocalizeTools;
			sourceTree = "<group>";
		};
		2CFE96280C44991E00B0D2A6 /* Class */ = {
			isa = PBXGroup;
			children = (
				2C4A6CEE0C3CE21B00DBBCD4 /* AppController.m */,
				2C4A6CEF0C3CE21B00DBBCD4 /* AppController.h */,
				2CFE96180C44925A00B0D2A6 /* PathSettingWindowController.h */,
				2CFE96190C44925A00B0D2A6 /* PathSettingWindowController.m */,
				2CE5F4200D328D7B00EDC0FF /* IsBundleTransformer.h */,
				2CE5F4210D328D7B00EDC0FF /* IsBundleTransformer.m */,
				2CE5F4890D32EEE900EDC0FF /* NSUserDefaultsExtensions.h */,
				2CE5F48A0D32EEE900EDC0FF /* NSUserDefaultsExtensions.m */,
				2CC5AA031C6D7D29007FEA6C /* HBIndexer.h */,
				2CC5AA041C6D7D29007FEA6C /* HBIndexer.m */,
			);
			name = Class;
			sourceTree = "<group>";
		};
		60497277E54F4B8E470BD577 /* Pods */ = {
			isa = PBXGroup;
			children = (
				8E67486B3EE2E784C4A97EB7 /* Pods-AppleScriptDoc.debug.xcconfig */,
				DBE05ED6A4F2DA5A4E4A0694 /* Pods-AppleScriptDoc.release.xcconfig */,
			);
			name = Pods;
			sourceTree = "<group>";
		};
/* End PBXGroup section */

/* Begin PBXNativeTarget section */
		257572C2072881A4000BE9CA /* AppleScriptDoc */ = {
			isa = PBXNativeTarget;
			buildConfigurationList = 4E71A80508A2C90C0034BBD9 /* Build configuration list for PBXNativeTarget "AppleScriptDoc" */;
			buildPhases = (
				39D08462146712559E610695 /* [CP] Check Pods Manifest.lock */,
				2C4EC700152D9614004167B9 /* ShellScript */,
				257572C6072881A4000BE9CA /* Resources */,
				257572C9072881A4000BE9CA /* Sources */,
				257572CB072881A4000BE9CA /* Frameworks */,
				2C4A6CFB0C3CE37500DBBCD4 /* CopyFiles */,
				2C275B3F1548C3CE006FFB2B /* ShellScript */,
				72F028975BA9C3AA5D8BB07F /* [CP] Embed Pods Frameworks */,
				B92CBF53BC8991E6457B455B /* [CP] Copy Pods Resources */,
			);
			buildRules = (
			);
			dependencies = (
				2CFA14001C6C1C9D0068526B /* PBXTargetDependency */,
			);
			name = AppleScriptDoc;
			productInstallPath = "$(HOME)/Applications";
			productName = AppleScriptDoc;
			productReference = 257572D6072881A4000BE9CA /* AppleScriptDoc.app */;
			productType = "com.apple.product-type.application";
		};
/* End PBXNativeTarget section */

/* Begin PBXProject section */
		29B97313FDCFA39411CA2CEA /* Project object */ = {
			isa = PBXProject;
			attributes = {
				LastUpgradeCheck = 0730;
			};
			buildConfigurationList = 4E71A80908A2C90C0034BBD9 /* Build configuration list for PBXProject "AppleScriptDoc" */;
			compatibilityVersion = "Xcode 6.3";
			developmentRegion = English;
			hasScannedForEncodings = 1;
			knownRegions = (
				English,
				Japanese,
				French,
				German,
				Base,
				ja,
				en,
			);
			mainGroup = 29B97314FDCFA39411CA2CEA /* AppleScriptDoc */;
			projectDirPath = "";
			projectReferences = (
				{
					ProductGroup = 2CFA13F81C6C1C5C0068526B /* Products */;
					ProjectRef = 2CFA13F71C6C1C5C0068526B /* DonationReminder.xcodeproj */;
				},
			);
			projectRoot = "";
			targets = (
				257572C2072881A4000BE9CA /* AppleScriptDoc */,
			);
		};
/* End PBXProject section */

/* Begin PBXReferenceProxy section */
		2CFA13FC1C6C1C5D0068526B /* DonationReminder.framework */ = {
			isa = PBXReferenceProxy;
			fileType = wrapper.framework;
			path = DonationReminder.framework;
			remoteRef = 2CFA13FB1C6C1C5D0068526B /* PBXContainerItemProxy */;
			sourceTree = BUILT_PRODUCTS_DIR;
		};
/* End PBXReferenceProxy section */

/* Begin PBXResourcesBuildPhase section */
		257572C6072881A4000BE9CA /* Resources */ = {
			isa = PBXResourcesBuildPhase;
			buildActionMask = 2147483647;
			files = (
				2C57BBD81D355E750066D9CF /* HelpBookTemplate in Resources */,
				2C6203021D2E0B11000BD9CC /* HBBundleTemplate in Resources */,
				2C57BBDA1D355E7D0066D9CF /* HTMLTemplate in Resources */,
				2C57BBE01D35CE060066D9CF /* InfoPlist.strings in Resources */,
				2C4A6CBF0C3CE15F00DBBCD4 /* FactorySettings.plist in Resources */,
				2C2C1F850C8EEC5C0094E73B /* HelpSetup.plist in Resources */,
				2C2155411D34EF0300281743 /* button_template.html in Resources */,
				2C72A8D70D3CBCDF00AECAF3 /* empty-Info.plist in Resources */,
				2C4BF1060F09652600F015E7 /* dsa_pub.pem in Resources */,
				2C46DBCA10A1A6BC00501F03 /* Credits.rtf in Resources */,
				2C777EF21C6C9F60007F64DF /* PathSettingWindow.xib in Resources */,
				2C777EF61C6CA252007F64DF /* MainMenu.xib in Resources */,
				2CC5AA001C6CB71E007FEA6C /* AppleScriptDocHelp in Resources */,
			);
			runOnlyForDeploymentPostprocessing = 0;
		};
/* End PBXResourcesBuildPhase section */

/* Begin PBXShellScriptBuildPhase section */
		2C275B3F1548C3CE006FFB2B /* ShellScript */ = {
			isa = PBXShellScriptBuildPhase;
			buildActionMask = 8;
			files = (
			);
			inputPaths = (
			);
			outputPaths = (
			);
			runOnlyForDeploymentPostprocessing = 1;
			shellPath = /bin/sh;
			shellScript = "if [ ! \"$CONFIGURATION\" = 'Release' ]; then\necho \"HelpBook setup script will run only with Release configuration\";\nexit 0\nfi\n\ncd \"$BUILT_PRODUCTS_DIR\"\nSetupHelpBook \"$FULL_PRODUCT_NAME\"\n\n";
			showEnvVarsInLog = 0;
		};
		2C4EC700152D9614004167B9 /* ShellScript */ = {
			isa = PBXShellScriptBuildPhase;
			buildActionMask = 2147483647;
			files = (
			);
			inputPaths = (
			);
			outputPaths = (
			);
			runOnlyForDeploymentPostprocessing = 0;
			shellPath = /bin/sh;
			shellScript = "#make -f LocalizeTools/localize.mk target_lang=ja nibs='MainMenu.nib PathSettingWindow.nib'\n";
		};
		39D08462146712559E610695 /* [CP] Check Pods Manifest.lock */ = {
			isa = PBXShellScriptBuildPhase;
			buildActionMask = 2147483647;
			files = (
			);
			inputPaths = (
			);
			name = "[CP] Check Pods Manifest.lock";
			outputPaths = (
			);
			runOnlyForDeploymentPostprocessing = 0;
			shellPath = /bin/sh;
			shellScript = "diff \"${PODS_ROOT}/../Podfile.lock\" \"${PODS_ROOT}/Manifest.lock\" > /dev/null\nif [[ $? != 0 ]] ; then\n    cat << EOM\nerror: The sandbox is not in sync with the Podfile.lock. Run 'pod install' or update your CocoaPods installation.\nEOM\n    exit 1\nfi\n";
			showEnvVarsInLog = 0;
		};
		72F028975BA9C3AA5D8BB07F /* [CP] Embed Pods Frameworks */ = {
			isa = PBXShellScriptBuildPhase;
			buildActionMask = 2147483647;
			files = (
			);
			inputPaths = (
			);
			name = "[CP] Embed Pods Frameworks";
			outputPaths = (
			);
			runOnlyForDeploymentPostprocessing = 0;
			shellPath = /bin/sh;
			shellScript = "\"${SRCROOT}/Pods/Target Support Files/Pods-AppleScriptDoc/Pods-AppleScriptDoc-frameworks.sh\"\n";
			showEnvVarsInLog = 0;
		};
		B92CBF53BC8991E6457B455B /* [CP] Copy Pods Resources */ = {
			isa = PBXShellScriptBuildPhase;
			buildActionMask = 2147483647;
			files = (
			);
			inputPaths = (
			);
			name = "[CP] Copy Pods Resources";
			outputPaths = (
			);
			runOnlyForDeploymentPostprocessing = 0;
			shellPath = /bin/sh;
			shellScript = "\"${SRCROOT}/Pods/Target Support Files/Pods-AppleScriptDoc/Pods-AppleScriptDoc-resources.sh\"\n";
			showEnvVarsInLog = 0;
		};
/* End PBXShellScriptBuildPhase section */

/* Begin PBXSourcesBuildPhase section */
		257572C9072881A4000BE9CA /* Sources */ = {
			isa = PBXSourcesBuildPhase;
			buildActionMask = 2147483647;
			files = (
				257572C5072881A4000BE9CA /* AppleScriptDoc.applescript in Sources */,
				2C0AD6840C3B5FA500E2B397 /* ASDocParser.applescript in Sources */,
				2C0AD6A00C3B61AB00E2B397 /* ExportHelpBook.applescript in Sources */,
				2C4EFEA80C3BB03A003743D7 /* SetupHelpBook.applescript in Sources */,
				2C2975080C3C8F82000CDBEF /* SaveToFile.applescript in Sources */,
				2CF5BFEF0C43E6E600224B65 /* XFileExtend.applescript in Sources */,
				2CE5F1620D321CE700EDC0FF /* DocElements.applescript in Sources */,
				2CDEA6DB1D39323C00A75006 /* HandlerElement.applescript in Sources */,
				2C72A8E60D3CBDD700AECAF3 /* InfoPlistArranger.applescript in Sources */,
				257572CA072881A4000BE9CA /* main.m in Sources */,
				2C4A6CF00C3CE21B00DBBCD4 /* AppController.m in Sources */,
				2CFE961B0C44925A00B0D2A6 /* PathSettingWindowController.m in Sources */,
				2CE5F4230D328D7B00EDC0FF /* IsBundleTransformer.m in Sources */,
				2CE5F48C0D32EEE900EDC0FF /* NSUserDefaultsExtensions.m in Sources */,
				2CFA140B1C6C1D840068526B /* ASFormatting.m in Sources */,
				2CFA140C1C6C1D840068526B /* ASFormattingExtensions.m in Sources */,
				2CFA140D1C6C1D840068526B /* ASFormattingStyle.applescript in Sources */,
				2CFA140E1C6C1D840068526B /* ASHTML.applescript in Sources */,
				2C21553F1D34EB5600281743 /* ScriptLinkMaker.applescript in Sources */,
				2CFA14141C6C1D8E0068526B /* DropBox.m in Sources */,
				2CFA14151C6C1D8E0068526B /* HFSTypeUtils.m in Sources */,
				2C2155471D3506BD00281743 /* StringExtra.m in Sources */,
				2CFA141D1C6C1D9B0068526B /* PathExtra.m in Sources */,
				2CC5AA051C6D7D29007FEA6C /* HBIndexer.m in Sources */,
			);
			runOnlyForDeploymentPostprocessing = 0;
		};
/* End PBXSourcesBuildPhase section */

/* Begin PBXTargetDependency section */
		2CFA14001C6C1C9D0068526B /* PBXTargetDependency */ = {
			isa = PBXTargetDependency;
			name = DonationReminder;
			targetProxy = 2CFA13FF1C6C1C9D0068526B /* PBXContainerItemProxy */;
		};
/* End PBXTargetDependency section */

/* Begin PBXVariantGroup section */
		2C57BBDE1D35CE060066D9CF /* InfoPlist.strings */ = {
			isa = PBXVariantGroup;
			children = (
				2C57BBDF1D35CE060066D9CF /* en */,
				2C57BBE11D35CE0D0066D9CF /* ja */,
			);
			name = InfoPlist.strings;
			sourceTree = "<group>";
		};
		2C777EF01C6C9F60007F64DF /* PathSettingWindow.xib */ = {
			isa = PBXVariantGroup;
			children = (
				2C777EF11C6C9F60007F64DF /* Base */,
				2C57BBDC1D35B7160066D9CF /* ja */,
			);
			name = PathSettingWindow.xib;
			sourceTree = "<group>";
		};
		2C777EF41C6CA252007F64DF /* MainMenu.xib */ = {
			isa = PBXVariantGroup;
			children = (
				2C777EF51C6CA252007F64DF /* Base */,
				2C57BBDB1D35B7160066D9CF /* ja */,
			);
			name = MainMenu.xib;
			sourceTree = "<group>";
		};
/* End PBXVariantGroup section */

/* Begin XCBuildConfiguration section */
		4E71A80608A2C90C0034BBD9 /* Debug */ = {
			isa = XCBuildConfiguration;
			baseConfigurationReference = 8E67486B3EE2E784C4A97EB7 /* Pods-AppleScriptDoc.debug.xcconfig */;
			buildSettings = {
				CLANG_ENABLE_OBJC_ARC = YES;
				COMBINE_HIDPI_IMAGES = YES;
				COPYRIGHT = "Copyright 2007-2016, Tetsuro KURITA";
				COPY_PHASE_STRIP = NO;
				CURRENT_PROJECT_VERSION = 28;
				DEBUG_INFORMATION_FORMAT = dwarf;
				FRAMEWORK_SEARCH_PATHS = (
					"$(inherited)",
					"$(SRCROOT)",
					"$(PROJECT_DIR)/Pods/Sparkle",
				);
				GCC_OPTIMIZATION_LEVEL = 0;
				INFOPLIST_FILE = Info.plist;
				INSTALL_PATH = "$(HOME)/Applications";
				LD_RUNPATH_SEARCH_PATHS = "$(inherited) @executable_path/../Frameworks";
				PRODUCT_BUNDLE_IDENTIFIER = Scriptfactory.AppleScriptDoc;
				PRODUCT_NAME = AppleScriptDoc;
				VERSIONING_SYSTEM = "apple-generic";
				WRAPPER_EXTENSION = app;
			};
			name = Debug;
		};
		4E71A80708A2C90C0034BBD9 /* Release */ = {
			isa = XCBuildConfiguration;
			baseConfigurationReference = DBE05ED6A4F2DA5A4E4A0694 /* Pods-AppleScriptDoc.release.xcconfig */;
			buildSettings = {
				CLANG_ENABLE_OBJC_ARC = YES;
				COMBINE_HIDPI_IMAGES = YES;
				COPYRIGHT = "Copyright 2007-2016, Tetsuro KURITA";
				CURRENT_PROJECT_VERSION = 28;
				FRAMEWORK_SEARCH_PATHS = (
					"$(inherited)",
					"$(SRCROOT)",
					"$(PROJECT_DIR)/Pods/Sparkle",
				);
				INFOPLIST_FILE = Info.plist;
				INSTALL_PATH = /Applications;
				LD_RUNPATH_SEARCH_PATHS = "$(inherited) @executable_path/../Frameworks";
				PRODUCT_BUNDLE_IDENTIFIER = Scriptfactory.AppleScriptDoc;
				PRODUCT_NAME = AppleScriptDoc;
				VERSIONING_SYSTEM = "apple-generic";
				WRAPPER_EXTENSION = app;
			};
			name = Release;
		};
		4E71A80A08A2C90C0034BBD9 /* Debug */ = {
			isa = XCBuildConfiguration;
			buildSettings = {
				MACOSX_DEPLOYMENT_TARGET = 10.8;
				ONLY_ACTIVE_ARCH = YES;
				PRODUCT_VERSION = 1.7;
				SDKROOT = macosx;
			};
			name = Debug;
		};
		4E71A80B08A2C90C0034BBD9 /* Release */ = {
			isa = XCBuildConfiguration;
			buildSettings = {
				MACOSX_DEPLOYMENT_TARGET = 10.8;
				PRODUCT_VERSION = 1.7;
				SDKROOT = macosx;
			};
			name = Release;
		};
/* End XCBuildConfiguration section */

/* Begin XCConfigurationList section */
		4E71A80508A2C90C0034BBD9 /* Build configuration list for PBXNativeTarget "AppleScriptDoc" */ = {
			isa = XCConfigurationList;
			buildConfigurations = (
				4E71A80608A2C90C0034BBD9 /* Debug */,
				4E71A80708A2C90C0034BBD9 /* Release */,
			);
			defaultConfigurationIsVisible = 0;
			defaultConfigurationName = Release;
		};
		4E71A80908A2C90C0034BBD9 /* Build configuration list for PBXProject "AppleScriptDoc" */ = {
			isa = XCConfigurationList;
			buildConfigurations = (
				4E71A80A08A2C90C0034BBD9 /* Debug */,
				4E71A80B08A2C90C0034BBD9 /* Release */,
			);
			defaultConfigurationIsVisible = 0;
			defaultConfigurationName = Release;
		};
/* End XCConfigurationList section */
	};
	rootObject = 29B97313FDCFA39411CA2CEA /* Project object */;
}
